<?xml version="1.0" encoding="UTF-8" standalone="yes" ?>
<CodeBlocks_project_file>
	<FileVersion major="1" minor="6" />
	<Project>
		<Option title="Sustainability" />
		<Option makefile="makefile" />
		<Option pch_mode="2" />
		<Option compiler="gcc" />
		<Option virtualFolders="addons\;src\;addons\ofxOsc\libs\oscpack\include\ip\;addons\ofxOsc\libs\oscpack\include\osc\;addons\ofxOsc\src\;" />
		<Build>
			<Target title="release">
				<Option output="bin\$(PROJECT_NAME)" prefix_auto="1" extension_auto="1" />
				<Option working_dir="bin" />
				<Option object_output="obj\release" />
				<Option external_deps="..\..\..\libs\openFrameworksCompiled\lib\win_cb\openFrameworks.lib;" />
				<Option type="1" />
				<Option compiler="gcc" />
				<Option projectLinkerOptionsRelation="2" />
				<Compiler>
					<Add option="-O2" />
				</Compiler>
				<Linker>
					<Add option="-s" />
					<Add option="../../../libs/openFrameworksCompiled/lib/win_cb/openFrameworks.lib" />
				</Linker>
			</Target>
			<Target title="debug">
				<Option output="bin\$(PROJECT_NAME)_DEBUG" prefix_auto="1" extension_auto="1" />
				<Option working_dir="bin" />
				<Option object_output="obj\debug\" />
				<Option external_deps="..\..\..\libs\openFrameworksCompiled\lib\win_cb\openFrameworksDebug.lib;" />
				<Option type="1" />
				<Option compiler="gcc" />
				<Option projectLinkerOptionsRelation="2" />
				<Compiler>
					<Add option="-g" />
				</Compiler>
				<Linker>
					<Add option="../../../libs/openFrameworksCompiled/lib/win_cb/openFrameworksDebug.lib" />
				</Linker>
			</Target>
		</Build>
		<Compiler>
			<Add option="-Wno-multichar" />
			<Add directory="..\..\..\libs\glu\include" />
			<Add directory="..\..\..\libs\freetype\include" />
			<Add directory="..\..\..\libs\freetype\include\freetype2" />
			<Add directory="..\..\..\libs\FreeImage\include" />
			<Add directory="..\..\..\libs\quicktime\include" />
			<Add directory="..\..\..\libs\rtAudio\include" />
			<Add directory="..\..\..\libs\fmodex\include" />
			<Add directory="..\..\..\libs\videoInput\include" />
			<Add directory="..\..\..\libs\glew\include" />
			<Add directory="..\..\..\libs\glut\include" />
			<Add directory="..\..\..\libs\openFrameworks" />
			<Add directory="..\..\..\libs\openFrameworks\3d" />
			<Add directory="..\..\..\libs\openFrameworks\app" />
			<Add directory="..\..\..\libs\openFrameworks\communication" />
			<Add directory="..\..\..\libs\openFrameworks\events" />
			<Add directory="..\..\..\libs\openFrameworks\gl" />
			<Add directory="..\..\..\libs\openFrameworks\graphics" />
			<Add directory="..\..\..\libs\openFrameworks\math" />
			<Add directory="..\..\..\libs\openFrameworks\sound" />
			<Add directory="..\..\..\libs\openFrameworks\types" />
			<Add directory="..\..\..\libs\openFrameworks\utils" />
			<Add directory="..\..\..\libs\openFrameworks\video" />
			<Add directory="..\..\..\libs\poco\include" />
			<Add directory="..\..\..\libs\tess2\include" />
			<Add directory="..\..\..\libs\cairo\include\cairo" />
			<Add directory="..\..\..\addons\ofxOsc\src" />
			<Add directory="..\..\..\addons\ofxOsc\libs" />
			<Add directory="..\..\..\addons\ofxOsc\libs\oscpack" />
			<Add directory="..\..\..\addons\ofxOsc\libs\oscpack\lib" />
			<Add directory="..\..\..\addons\ofxOsc\libs\oscpack\include" />
			<Add directory="..\..\..\addons\ofxOsc\libs\oscpack\lib\win_cb" />
			<Add directory="..\..\..\addons\ofxOsc\libs\oscpack\lib\osx" />
			<Add directory="..\..\..\addons\ofxOsc\libs\oscpack\lib\vs2010" />
			<Add directory="..\..\..\addons\ofxOsc\libs\oscpack\lib\iphone" />
			<Add directory="..\..\..\addons\ofxOsc\libs\oscpack\lib\linux64" />
			<Add directory="..\..\..\addons\ofxOsc\libs\oscpack\lib\android" />
			<Add directory="..\..\..\addons\ofxOsc\libs\oscpack\lib\linux" />
			<Add directory="..\..\..\addons\ofxOsc\libs\oscpack\lib\android\arm7" />
			<Add directory="..\..\..\addons\ofxOsc\libs\oscpack\include\ip" />
			<Add directory="..\..\..\addons\ofxOsc\libs\oscpack\include\osc" />
			<Add directory="..\..\..\addons\ofxDirList\src" />
			<Add directory="..\..\..\addons\ofxXmlSettings\src" />
			<Add directory="..\..\..\addons\ofxXmlSettings\libs" />
			<Add directory="..\..\..\addons\ofxMSAInteractiveObject\src" />
			<Add directory="..\..\..\addons\ofxMultiTouch\src" />
			<Add directory="..\..\..\addons\ofxMultiTouchObject\" />
			<Add directory="..\..\..\addons\ofxMultiTouchObject\ofxMarkerObject" />
			<Add directory="..\..\..\addons\ofxTuioWrapper\" />
			<Add directory="..\..\..\addons\ofxTuioWrapper\core" />
			<Add directory="..\..\..\addons\ofxTweenzor\src" />
			<Add directory="..\..\..\addons\ofxSimpleGuiToo\src" />
			<Add directory="..\..\..\addons\ofxSimpleGuiToo\src\Controls" />
			<Add directory="..\..\..\addons\ofxNetwork\src" />
			<Add directory="..\..\..\addons\ofxVectorMath\src" />
			<Add directory="..\..\..\addons\ofxTuioWrapper" />
			<Add directory="..\..\..\addons\ofxTuioWrapper\src" />
		</Compiler>
		<Linker>
			<Add option="../../../addons/ofxOsc/libs/oscpack/lib/win_cb/oscpack.a" />
			<Add library="..\..\..\libs\FreeImage\lib\win_cb\FreeImage.lib" />
			<Add library="..\..\..\libs\rtAudio\lib\win_cb\librtaudio.a" />
			<Add library="..\..\..\libs\quicktime\lib\win_cb\qtmlClient.lib" />
			<Add library="..\..\..\libs\cairo\lib\win_cb\libcairo.a" />
			<Add library="..\..\..\libs\cairo\lib\win_cb\libpixman-1.a" />
			<Add library="..\..\..\libs\freetype\lib\win_cb\libfreetype.a" />
			<Add library="..\..\..\libs\glut\lib\win_cb\libglut.a" />
			<Add library="..\..\..\libs\videoInput\lib\win_cb\videoInputLib.a" />
			<Add library="..\..\..\libs\fmodex\lib\win_cb\libfmodex.a" />
			<Add library="..\..\..\libs\glew\lib\win_cb\glew32s.lib" />
			<Add library="..\..\..\libs\glu\lib\win_cb\glu32.lib" />
			<Add library="..\..\..\libs\poco\lib\win_cb\libPocoNetmt.a" />
			<Add library="..\..\..\libs\poco\lib\win_cb\libPocoUtilmt.a" />
			<Add library="..\..\..\libs\poco\lib\win_cb\libPocoXMLmt.a" />
			<Add library="..\..\..\libs\poco\lib\win_cb\libPocoFoundationmt.a" />
			<Add library="..\..\..\libs\tess2\lib\win_cb\libtess2.a" />
			<Add library="opengl32" />
			<Add library="gdi32" />
			<Add library="msimg32" />
			<Add library="glu32" />
			<Add library="dsound" />
			<Add library="winmm" />
			<Add library="dxguid" />
			<Add library="strmbase" />
			<Add library="strmiids" />
			<Add library="z" />
			<Add library="uuid" />
			<Add library="ole32" />
			<Add library="oleaut32" />
			<Add library="setupapi" />
			<Add library="wsock32" />
			<Add library="ws2_32" />
			<Add library="Iphlpapi" />
		</Linker>
		<ExtraCommands>
			<Add after='xcopy /e /i /y &quot;$(PROJECT_DIR)..\..\..\export\win_cb\*.dll&quot;  &quot;$(PROJECT_DIR)bin&quot;' />
			<Add after='cmd /c if not exist &quot;$(PROJECT_DIR)bin/data&quot; mkdir &quot;$(PROJECT_DIR)bin/data&quot;' />
			<Mode after="always" />
		</ExtraCommands>
		<Unit filename="..\..\..\addons\ofAddons.h" />
		<Unit filename="..\..\..\addons\ofxDirList\src\ofxDirList.h" />
		<Unit filename="..\..\..\addons\ofxMSAInteractiveObject\src\ofxMSAInteractiveObject.cpp" />
		<Unit filename="..\..\..\addons\ofxMSAInteractiveObject\src\ofxMSAInteractiveObject.h" />
		<Unit filename="..\..\..\addons\ofxMultiTouchObject\ofxMarkerObject\ofxMarkerHandler.cpp" />
		<Unit filename="..\..\..\addons\ofxMultiTouchObject\ofxMarkerObject\ofxMarkerHandler.h" />
		<Unit filename="..\..\..\addons\ofxMultiTouchObject\ofxMarkerObject\ofxMarkerListener.h" />
		<Unit filename="..\..\..\addons\ofxMultiTouchObject\ofxMarkerObject\ofxMarkerObject.cpp" />
		<Unit filename="..\..\..\addons\ofxMultiTouchObject\ofxMarkerObject\ofxMarkerObject.h" />
		<Unit filename="..\..\..\addons\ofxMultiTouchObject\ofxMarkerObject\ofxMarkerObjectEvents.h" />
		<Unit filename="..\..\..\addons\ofxMultiTouchObject\ofxMtObject.cpp" />
		<Unit filename="..\..\..\addons\ofxMultiTouchObject\ofxMtObject.h" />
		<Unit filename="..\..\..\addons\ofxMultiTouchObject\ofxMtObjectEvents.h" />
		<Unit filename="..\..\..\addons\ofxMultiTouch\src\ofxMultiTouch.cpp" />
		<Unit filename="..\..\..\addons\ofxMultiTouch\src\ofxMultiTouch.h" />
		<Unit filename="..\..\..\addons\ofxMultiTouch\src\ofxMultiTouchListener.h" />
		<Unit filename="..\..\..\addons\ofxNetwork\src\ofxNetwork.h" />
		<Unit filename="..\..\..\addons\ofxNetwork\src\ofxNetworkUtils.h" />
		<Unit filename="..\..\..\addons\ofxNetwork\src\ofxTCPClient.cpp" />
		<Unit filename="..\..\..\addons\ofxNetwork\src\ofxTCPClient.h" />
		<Unit filename="..\..\..\addons\ofxNetwork\src\ofxTCPManager.cpp" />
		<Unit filename="..\..\..\addons\ofxNetwork\src\ofxTCPManager.h" />
		<Unit filename="..\..\..\addons\ofxNetwork\src\ofxTCPServer.cpp" />
		<Unit filename="..\..\..\addons\ofxNetwork\src\ofxTCPServer.h" />
		<Unit filename="..\..\..\addons\ofxNetwork\src\ofxUDPManager.cpp" />
		<Unit filename="..\..\..\addons\ofxNetwork\src\ofxUDPManager.h" />
		<Unit filename="..\..\..\addons\ofxOsc\libs\oscpack\include\ip\IpEndpointName.h">
			<Option virtualFolder="addons\ofxOsc\libs\oscpack\include\ip" />
		</Unit>
		<Unit filename="..\..\..\addons\ofxOsc\libs\oscpack\include\ip\NetworkingUtils.h">
			<Option virtualFolder="addons\ofxOsc\libs\oscpack\include\ip" />
		</Unit>
		<Unit filename="..\..\..\addons\ofxOsc\libs\oscpack\include\ip\PacketListener.h">
			<Option virtualFolder="addons\ofxOsc\libs\oscpack\include\ip" />
		</Unit>
		<Unit filename="..\..\..\addons\ofxOsc\libs\oscpack\include\ip\TimerListener.h">
			<Option virtualFolder="addons\ofxOsc\libs\oscpack\include\ip" />
		</Unit>
		<Unit filename="..\..\..\addons\ofxOsc\libs\oscpack\include\ip\UdpSocket.h">
			<Option virtualFolder="addons\ofxOsc\libs\oscpack\include\ip" />
		</Unit>
		<Unit filename="..\..\..\addons\ofxOsc\libs\oscpack\include\osc\MessageMappingOscPacketListener.h">
			<Option virtualFolder="addons\ofxOsc\libs\oscpack\include\osc" />
		</Unit>
		<Unit filename="..\..\..\addons\ofxOsc\libs\oscpack\include\osc\OscException.h">
			<Option virtualFolder="addons\ofxOsc\libs\oscpack\include\osc" />
		</Unit>
		<Unit filename="..\..\..\addons\ofxOsc\libs\oscpack\include\osc\OscHostEndianness.h">
			<Option virtualFolder="addons\ofxOsc\libs\oscpack\include\osc" />
		</Unit>
		<Unit filename="..\..\..\addons\ofxOsc\libs\oscpack\include\osc\OscOutboundPacketStream.h">
			<Option virtualFolder="addons\ofxOsc\libs\oscpack\include\osc" />
		</Unit>
		<Unit filename="..\..\..\addons\ofxOsc\libs\oscpack\include\osc\OscPacketListener.h">
			<Option virtualFolder="addons\ofxOsc\libs\oscpack\include\osc" />
		</Unit>
		<Unit filename="..\..\..\addons\ofxOsc\libs\oscpack\include\osc\OscPrintReceivedElements.h">
			<Option virtualFolder="addons\ofxOsc\libs\oscpack\include\osc" />
		</Unit>
		<Unit filename="..\..\..\addons\ofxOsc\libs\oscpack\include\osc\OscReceivedElements.h">
			<Option virtualFolder="addons\ofxOsc\libs\oscpack\include\osc" />
		</Unit>
		<Unit filename="..\..\..\addons\ofxOsc\libs\oscpack\include\osc\OscTypes.h">
			<Option virtualFolder="addons\ofxOsc\libs\oscpack\include\osc" />
		</Unit>
		<Unit filename="..\..\..\addons\ofxOsc\src\ofxOsc.h">
			<Option virtualFolder="addons\ofxOsc\src" />
		</Unit>
		<Unit filename="..\..\..\addons\ofxOsc\src\ofxOscArg.h">
			<Option virtualFolder="addons\ofxOsc\src" />
		</Unit>
		<Unit filename="..\..\..\addons\ofxOsc\src\ofxOscBundle.cpp">
			<Option virtualFolder="addons\ofxOsc\src" />
		</Unit>
		<Unit filename="..\..\..\addons\ofxOsc\src\ofxOscBundle.h">
			<Option virtualFolder="addons\ofxOsc\src" />
		</Unit>
		<Unit filename="..\..\..\addons\ofxOsc\src\ofxOscMessage.cpp">
			<Option virtualFolder="addons\ofxOsc\src" />
		</Unit>
		<Unit filename="..\..\..\addons\ofxOsc\src\ofxOscMessage.h">
			<Option virtualFolder="addons\ofxOsc\src" />
		</Unit>
		<Unit filename="..\..\..\addons\ofxOsc\src\ofxOscReceiver.cpp">
			<Option virtualFolder="addons\ofxOsc\src" />
		</Unit>
		<Unit filename="..\..\..\addons\ofxOsc\src\ofxOscReceiver.h">
			<Option virtualFolder="addons\ofxOsc\src" />
		</Unit>
		<Unit filename="..\..\..\addons\ofxOsc\src\ofxOscSender.cpp">
			<Option virtualFolder="addons\ofxOsc\src" />
		</Unit>
		<Unit filename="..\..\..\addons\ofxOsc\src\ofxOscSender.h">
			<Option virtualFolder="addons\ofxOsc\src" />
		</Unit>
		<Unit filename="..\..\..\addons\ofxSimpleGuiToo\src\Controls\ofxSimpleGuiButton.cpp" />
		<Unit filename="..\..\..\addons\ofxSimpleGuiToo\src\Controls\ofxSimpleGuiButton.h" />
		<Unit filename="..\..\..\addons\ofxSimpleGuiToo\src\Controls\ofxSimpleGuiColorPicker.cpp" />
		<Unit filename="..\..\..\addons\ofxSimpleGuiToo\src\Controls\ofxSimpleGuiColorPicker.h" />
		<Unit filename="..\..\..\addons\ofxSimpleGuiToo\src\Controls\ofxSimpleGuiComboBox.cpp" />
		<Unit filename="..\..\..\addons\ofxSimpleGuiToo\src\Controls\ofxSimpleGuiComboBox.h" />
		<Unit filename="..\..\..\addons\ofxSimpleGuiToo\src\Controls\ofxSimpleGuiContent.cpp" />
		<Unit filename="..\..\..\addons\ofxSimpleGuiToo\src\Controls\ofxSimpleGuiContent.h" />
		<Unit filename="..\..\..\addons\ofxSimpleGuiToo\src\Controls\ofxSimpleGuiFPSCounter.cpp" />
		<Unit filename="..\..\..\addons\ofxSimpleGuiToo\src\Controls\ofxSimpleGuiFPSCounter.h" />
		<Unit filename="..\..\..\addons\ofxSimpleGuiToo\src\Controls\ofxSimpleGuiMovieSlider.cpp" />
		<Unit filename="..\..\..\addons\ofxSimpleGuiToo\src\Controls\ofxSimpleGuiMovieSlider.h" />
		<Unit filename="..\..\..\addons\ofxSimpleGuiToo\src\Controls\ofxSimpleGuiQuadWarp.cpp" />
		<Unit filename="..\..\..\addons\ofxSimpleGuiToo\src\Controls\ofxSimpleGuiQuadWarp.h" />
		<Unit filename="..\..\..\addons\ofxSimpleGuiToo\src\Controls\ofxSimpleGuiSlider2d.cpp" />
		<Unit filename="..\..\..\addons\ofxSimpleGuiToo\src\Controls\ofxSimpleGuiSlider2d.h" />
		<Unit filename="..\..\..\addons\ofxSimpleGuiToo\src\Controls\ofxSimpleGuiSliderBase.h" />
		<Unit filename="..\..\..\addons\ofxSimpleGuiToo\src\Controls\ofxSimpleGuiSliderFloat.h" />
		<Unit filename="..\..\..\addons\ofxSimpleGuiToo\src\Controls\ofxSimpleGuiSliderInt.h" />
		<Unit filename="..\..\..\addons\ofxSimpleGuiToo\src\Controls\ofxSimpleGuiTitle.cpp" />
		<Unit filename="..\..\..\addons\ofxSimpleGuiToo\src\Controls\ofxSimpleGuiTitle.h" />
		<Unit filename="..\..\..\addons\ofxSimpleGuiToo\src\Controls\ofxSimpleGuiToggle.cpp" />
		<Unit filename="..\..\..\addons\ofxSimpleGuiToo\src\Controls\ofxSimpleGuiToggle.h" />
		<Unit filename="..\..\..\addons\ofxSimpleGuiToo\src\ofxSimpleGuiConfig.cpp" />
		<Unit filename="..\..\..\addons\ofxSimpleGuiToo\src\ofxSimpleGuiConfig.h" />
		<Unit filename="..\..\..\addons\ofxSimpleGuiToo\src\ofxSimpleGuiControl.cpp" />
		<Unit filename="..\..\..\addons\ofxSimpleGuiToo\src\ofxSimpleGuiControl.h" />
		<Unit filename="..\..\..\addons\ofxSimpleGuiToo\src\ofxSimpleGuiIncludes.h" />
		<Unit filename="..\..\..\addons\ofxSimpleGuiToo\src\ofxSimpleGuiPage.cpp" />
		<Unit filename="..\..\..\addons\ofxSimpleGuiToo\src\ofxSimpleGuiPage.h" />
		<Unit filename="..\..\..\addons\ofxSimpleGuiToo\src\ofxSimpleGuiToo.cpp" />
		<Unit filename="..\..\..\addons\ofxSimpleGuiToo\src\ofxSimpleGuiToo.h" />
		<Unit filename="..\..\..\addons\ofxSimpleGuiToo\src\ofxSimpleGuiValueControl.cpp" />
		<Unit filename="..\..\..\addons\ofxSimpleGuiToo\src\ofxSimpleGuiValueControl.h" />
		<Unit filename="..\..\..\addons\ofxTuioWrapper\core\TuioClient.cpp" />
		<Unit filename="..\..\..\addons\ofxTuioWrapper\core\TuioClient.h" />
		<Unit filename="..\..\..\addons\ofxTuioWrapper\core\TuioContainer.h" />
		<Unit filename="..\..\..\addons\ofxTuioWrapper\core\TuioCursor.h" />
		<Unit filename="..\..\..\addons\ofxTuioWrapper\core\TuioListener.h" />
		<Unit filename="..\..\..\addons\ofxTuioWrapper\core\TuioObject.h" />
		<Unit filename="..\..\..\addons\ofxTuioWrapper\core\TuioPoint.h" />
		<Unit filename="..\..\..\addons\ofxTuioWrapper\core\TuioServer.cpp" />
		<Unit filename="..\..\..\addons\ofxTuioWrapper\core\TuioServer.h" />
		<Unit filename="..\..\..\addons\ofxTuioWrapper\core\TuioTime.cpp" />
		<Unit filename="..\..\..\addons\ofxTuioWrapper\core\TuioTime.h" />
		<Unit filename="..\..\..\addons\ofxTuioWrapper\ofxTuioClient.cpp" />
		<Unit filename="..\..\..\addons\ofxTuioWrapper\ofxTuioClient.h" />
		<Unit filename="..\..\..\addons\ofxTuioWrapper\ofxTuioServer.cpp" />
		<Unit filename="..\..\..\addons\ofxTuioWrapper\ofxTuioServer.h" />
		<Unit filename="..\..\..\addons\ofxTuioWrapper\oscpack\include\ip\IpEndpointName.h" />
		<Unit filename="..\..\..\addons\ofxTuioWrapper\oscpack\include\ip\NetworkingUtils.h" />
		<Unit filename="..\..\..\addons\ofxTuioWrapper\oscpack\include\ip\PacketListener.h" />
		<Unit filename="..\..\..\addons\ofxTuioWrapper\oscpack\include\ip\TimerListener.h" />
		<Unit filename="..\..\..\addons\ofxTuioWrapper\oscpack\include\ip\UdpSocket.h" />
		<Unit filename="..\..\..\addons\ofxTuioWrapper\oscpack\include\osc\MessageMappingOscPacketListener.h" />
		<Unit filename="..\..\..\addons\ofxTuioWrapper\oscpack\include\osc\OscException.h" />
		<Unit filename="..\..\..\addons\ofxTuioWrapper\oscpack\include\osc\OscHostEndianness.h" />
		<Unit filename="..\..\..\addons\ofxTuioWrapper\oscpack\include\osc\OscOutboundPacketStream.h" />
		<Unit filename="..\..\..\addons\ofxTuioWrapper\oscpack\include\osc\OscPacketListener.h" />
		<Unit filename="..\..\..\addons\ofxTuioWrapper\oscpack\include\osc\OscPrintReceivedElements.h" />
		<Unit filename="..\..\..\addons\ofxTuioWrapper\oscpack\include\osc\OscReceivedElements.h" />
		<Unit filename="..\..\..\addons\ofxTuioWrapper\oscpack\include\osc\OscTypes.h" />
		<Unit filename="..\..\..\addons\ofxTweenzor\src\Tween.cpp" />
		<Unit filename="..\..\..\addons\ofxTweenzor\src\Tween.h" />
		<Unit filename="..\..\..\addons\ofxTweenzor\src\TweenEvent.h" />
		<Unit filename="..\..\..\addons\ofxTweenzor\src\TweenFunctions.h" />
		<Unit filename="..\..\..\addons\ofxTweenzor\src\TweenSelector.h" />
		<Unit filename="..\..\..\addons\ofxTweenzor\src\Tweenzor.cpp" />
		<Unit filename="..\..\..\addons\ofxTweenzor\src\Tweenzor.h" />
		<Unit filename="..\..\..\addons\ofxTweenzor\src\ofxTweenzor.h" />
		<Unit filename="..\..\..\addons\ofxVectorMath\src\ofxMatrix3x3.h" />
		<Unit filename="..\..\..\addons\ofxVectorMath\src\ofxMatrix4x4.h" />
		<Unit filename="..\..\..\addons\ofxVectorMath\src\ofxPoint2f.h" />
		<Unit filename="..\..\..\addons\ofxVectorMath\src\ofxPoint3f.h" />
		<Unit filename="..\..\..\addons\ofxVectorMath\src\ofxPoint4f.h" />
		<Unit filename="..\..\..\addons\ofxVectorMath\src\ofxQuaternion.h" />
		<Unit filename="..\..\..\addons\ofxVectorMath\src\ofxVec2f.h" />
		<Unit filename="..\..\..\addons\ofxVectorMath\src\ofxVec3f.h" />
		<Unit filename="..\..\..\addons\ofxVectorMath\src\ofxVec4f.h" />
		<Unit filename="..\..\..\addons\ofxVectorMath\src\ofxVectorMath.h" />
		<Unit filename="..\..\..\addons\ofxXmlSettings\libs\tinyxml.cpp" />
		<Unit filename="..\..\..\addons\ofxXmlSettings\libs\tinyxml.h" />
		<Unit filename="..\..\..\addons\ofxXmlSettings\libs\tinyxmlerror.cpp" />
		<Unit filename="..\..\..\addons\ofxXmlSettings\libs\tinyxmlparser.cpp" />
		<Unit filename="..\..\..\addons\ofxXmlSettings\src\ofxXmlSettings.cpp" />
		<Unit filename="..\..\..\addons\ofxXmlSettings\src\ofxXmlSettings.h" />
		<Unit filename="..\..\helios_addons\HeliosAnalytics\src\HeliosTracker.cpp" />
		<Unit filename="..\..\helios_addons\HeliosAnalytics\src\HeliosTracker.h" />
		<Unit filename="src\ContentItem.cpp" />
		<Unit filename="src\ContentItem.h" />
		<Unit filename="src\DetailNodeButton.h" />
		<Unit filename="src\ImageContainer.h" />
		<Unit filename="src\NodeButton.h" />
		<Unit filename="src\NodeHolder.h" />
		<Unit filename="src\RadialOfImage.h" />
		<Unit filename="src\SlidingDoorImage.h" />
		<Unit filename="src\XMLStorage.h" />
		<Unit filename="src\customEventButton.h" />
		<Unit filename="src\main.cpp">
			<Option virtualFolder="src" />
		</Unit>
		<Unit filename="src\myMarkerButton.h" />
		<Unit filename="src\myMtButton.h" />
		<Unit filename="src\myMtEventButton.h" />
		<Unit filename="src\myMtRotatableScalableItem.h" />
		<Unit filename="src\myMtSlider.h" />
		<Unit filename="src\ofxMtActionTouch.h" />
		<Unit filename="src\ofxMtActionsHub.cpp" />
		<Unit filename="src\ofxMtActionsHub.h" />
		<Unit filename="src\ofxMtActionsObject.cpp" />
		<Unit filename="src\ofxMtActionsObject.h" />
		<Unit filename="src\ofxMtActionsObjectEvents.h" />
		<Unit filename="src\testApp.cpp">
			<Option virtualFolder="src" />
		</Unit>
		<Unit filename="src\testApp.h">
			<Option virtualFolder="src" />
		</Unit>
		<Extensions>
			<code_completion />
			<debugger />
			<envvars />
		</Extensions>
	</Project>
</CodeBlocks_project_file>
