// !$*UTF8*$!
{
	archiveVersion = 1;
	classes = {
	};
	objectVersion = 42;
	objects = {

/* Begin PBXBuildFile section */
		19604ddadc4ee63146983ca75fd36ac2 /* ofxOscReceiver.cpp in Sources */ = {isa = PBXBuildFile; fileRef = c2fac65c491d4231379f3298ec59c6e9 /* ofxOscReceiver.cpp */; };
		3ec627385b50c8e9236d72191daa0e88 /* ofxOscSender.cpp in Sources */ = {isa = PBXBuildFile; fileRef = 81967292bfc87a0144bd32c66f3adb20 /* ofxOscSender.cpp */; };
		6454f92be026dad1ad54ee4033e4c431 /* ofxOscBundle.cpp in Sources */ = {isa = PBXBuildFile; fileRef = 65eefa3da3526e9cdd9c21f90d9b5684 /* ofxOscBundle.cpp */; };
		6b17c11b63257a45f98d6c33cdd23551 /* ofxOscMessage.cpp in Sources */ = {isa = PBXBuildFile; fileRef = df49d76c45d5db505a234880104e4dc7 /* ofxOscMessage.cpp */; };
		BBAB23CB13894F3D00AA2426 /* GLUT.framework in CopyFiles */ = {isa = PBXBuildFile; fileRef = BBAB23BE13894E4700AA2426 /* GLUT.framework */; };
		D9227277148DD37700EEE104 /* tinyxml.cpp in Sources */ = {isa = PBXBuildFile; fileRef = D922725F148DD37700EEE104 /* tinyxml.cpp */; };
		D9227278148DD37700EEE104 /* tinyxmlerror.cpp in Sources */ = {isa = PBXBuildFile; fileRef = D9227261148DD37700EEE104 /* tinyxmlerror.cpp */; };
		D9227279148DD37700EEE104 /* tinyxmlparser.cpp in Sources */ = {isa = PBXBuildFile; fileRef = D9227262148DD37700EEE104 /* tinyxmlparser.cpp */; };
		D922727A148DD37700EEE104 /* ofxXmlSettings.cpp in Sources */ = {isa = PBXBuildFile; fileRef = D9227264148DD37700EEE104 /* ofxXmlSettings.cpp */; };
		D92272B9148DD56700EEE104 /* ContentItem.cpp in Sources */ = {isa = PBXBuildFile; fileRef = D92272A0148DD56700EEE104 /* ContentItem.cpp */; };
		D92272BA148DD56700EEE104 /* main.cpp in Sources */ = {isa = PBXBuildFile; fileRef = D92272A5148DD56700EEE104 /* main.cpp */; };
		D92272BB148DD56700EEE104 /* ofxMtActionsHub.cpp in Sources */ = {isa = PBXBuildFile; fileRef = D92272AD148DD56700EEE104 /* ofxMtActionsHub.cpp */; };
		D92272BC148DD56700EEE104 /* ofxMtActionsObject.cpp in Sources */ = {isa = PBXBuildFile; fileRef = D92272AF148DD56700EEE104 /* ofxMtActionsObject.cpp */; };
		D9877F11149706EC005887DC /* ofxMSAInteractiveObject.cpp in Sources */ = {isa = PBXBuildFile; fileRef = D9877E9D149706EB005887DC /* ofxMSAInteractiveObject.cpp */; };
		D9877F12149706EC005887DC /* ofxMultiTouch.cpp in Sources */ = {isa = PBXBuildFile; fileRef = D9877EA4149706EB005887DC /* ofxMultiTouch.cpp */; };
		D9877F13149706EC005887DC /* ofxMarkerHandler.cpp in Sources */ = {isa = PBXBuildFile; fileRef = D9877EA9149706EB005887DC /* ofxMarkerHandler.cpp */; };
		D9877F14149706EC005887DC /* ofxMarkerObject.cpp in Sources */ = {isa = PBXBuildFile; fileRef = D9877EAC149706EB005887DC /* ofxMarkerObject.cpp */; };
		D9877F15149706EC005887DC /* ofxMtObject.cpp in Sources */ = {isa = PBXBuildFile; fileRef = D9877EAF149706EB005887DC /* ofxMtObject.cpp */; };
		D9877F16149706EC005887DC /* ofxSimpleGuiButton.cpp in Sources */ = {isa = PBXBuildFile; fileRef = D9877EB8149706EB005887DC /* ofxSimpleGuiButton.cpp */; };
		D9877F17149706EC005887DC /* ofxSimpleGuiColorPicker.cpp in Sources */ = {isa = PBXBuildFile; fileRef = D9877EBA149706EB005887DC /* ofxSimpleGuiColorPicker.cpp */; };
		D9877F18149706EC005887DC /* ofxSimpleGuiComboBox.cpp in Sources */ = {isa = PBXBuildFile; fileRef = D9877EBC149706EB005887DC /* ofxSimpleGuiComboBox.cpp */; };
		D9877F19149706EC005887DC /* ofxSimpleGuiContent.cpp in Sources */ = {isa = PBXBuildFile; fileRef = D9877EBE149706EB005887DC /* ofxSimpleGuiContent.cpp */; };
		D9877F1A149706EC005887DC /* ofxSimpleGuiFPSCounter.cpp in Sources */ = {isa = PBXBuildFile; fileRef = D9877EC0149706EB005887DC /* ofxSimpleGuiFPSCounter.cpp */; };
		D9877F1B149706EC005887DC /* ofxSimpleGuiMovieSlider.cpp in Sources */ = {isa = PBXBuildFile; fileRef = D9877EC2149706EB005887DC /* ofxSimpleGuiMovieSlider.cpp */; };
		D9877F1C149706EC005887DC /* ofxSimpleGuiQuadWarp.cpp in Sources */ = {isa = PBXBuildFile; fileRef = D9877EC4149706EB005887DC /* ofxSimpleGuiQuadWarp.cpp */; };
		D9877F1D149706EC005887DC /* ofxSimpleGuiSlider2d.cpp in Sources */ = {isa = PBXBuildFile; fileRef = D9877EC6149706EB005887DC /* ofxSimpleGuiSlider2d.cpp */; };
		D9877F1E149706EC005887DC /* ofxSimpleGuiTitle.cpp in Sources */ = {isa = PBXBuildFile; fileRef = D9877ECB149706EB005887DC /* ofxSimpleGuiTitle.cpp */; };
		D9877F1F149706EC005887DC /* ofxSimpleGuiToggle.cpp in Sources */ = {isa = PBXBuildFile; fileRef = D9877ECD149706EB005887DC /* ofxSimpleGuiToggle.cpp */; };
		D9877F20149706EC005887DC /* ofxSimpleGuiConfig.cpp in Sources */ = {isa = PBXBuildFile; fileRef = D9877ECF149706EB005887DC /* ofxSimpleGuiConfig.cpp */; };
		D9877F21149706EC005887DC /* ofxSimpleGuiControl.cpp in Sources */ = {isa = PBXBuildFile; fileRef = D9877ED1149706EB005887DC /* ofxSimpleGuiControl.cpp */; };
		D9877F22149706EC005887DC /* ofxSimpleGuiPage.cpp in Sources */ = {isa = PBXBuildFile; fileRef = D9877ED4149706EB005887DC /* ofxSimpleGuiPage.cpp */; };
		D9877F23149706EC005887DC /* ofxSimpleGuiToo.cpp in Sources */ = {isa = PBXBuildFile; fileRef = D9877ED6149706EB005887DC /* ofxSimpleGuiToo.cpp */; };
		D9877F24149706EC005887DC /* ofxSimpleGuiValueControl.cpp in Sources */ = {isa = PBXBuildFile; fileRef = D9877ED8149706EB005887DC /* ofxSimpleGuiValueControl.cpp */; };
		D9877F25149706EC005887DC /* TuioClient.cpp in Sources */ = {isa = PBXBuildFile; fileRef = D9877EDD149706EB005887DC /* TuioClient.cpp */; };
		D9877F26149706EC005887DC /* TuioServer.cpp in Sources */ = {isa = PBXBuildFile; fileRef = D9877EE4149706EB005887DC /* TuioServer.cpp */; };
		D9877F27149706EC005887DC /* TuioTime.cpp in Sources */ = {isa = PBXBuildFile; fileRef = D9877EE6149706EB005887DC /* TuioTime.cpp */; };
		D9877F28149706EC005887DC /* ofxTuioClient.cpp in Sources */ = {isa = PBXBuildFile; fileRef = D9877EE8149706EB005887DC /* ofxTuioClient.cpp */; };
		D9877F29149706EC005887DC /* ofxTuioServer.cpp in Sources */ = {isa = PBXBuildFile; fileRef = D9877EEA149706EB005887DC /* ofxTuioServer.cpp */; };
		D9877F2F149706EC005887DC /* Tween.cpp in Sources */ = {isa = PBXBuildFile; fileRef = D9877F0A149706EC005887DC /* Tween.cpp */; };
		D9877F30149706EC005887DC /* Tweenzor.cpp in Sources */ = {isa = PBXBuildFile; fileRef = D9877F0F149706EC005887DC /* Tweenzor.cpp */; };
		D9877F6514970CB0005887DC /* PixelHitTestHub.cpp in Sources */ = {isa = PBXBuildFile; fileRef = D9877F6314970CB0005887DC /* PixelHitTestHub.cpp */; };
		E4328149138ABC9F0047C5CB /* openFrameworksDebug.a in Frameworks */ = {isa = PBXBuildFile; fileRef = E4328148138ABC890047C5CB /* openFrameworksDebug.a */; };
		E45BE97B0E8CC7DD009D7055 /* AGL.framework in Frameworks */ = {isa = PBXBuildFile; fileRef = E45BE9710E8CC7DD009D7055 /* AGL.framework */; };
		E45BE97C0E8CC7DD009D7055 /* ApplicationServices.framework in Frameworks */ = {isa = PBXBuildFile; fileRef = E45BE9720E8CC7DD009D7055 /* ApplicationServices.framework */; };
		E45BE97D0E8CC7DD009D7055 /* AudioToolbox.framework in Frameworks */ = {isa = PBXBuildFile; fileRef = E45BE9730E8CC7DD009D7055 /* AudioToolbox.framework */; };
		E45BE97E0E8CC7DD009D7055 /* Carbon.framework in Frameworks */ = {isa = PBXBuildFile; fileRef = E45BE9740E8CC7DD009D7055 /* Carbon.framework */; };
		E45BE97F0E8CC7DD009D7055 /* CoreAudio.framework in Frameworks */ = {isa = PBXBuildFile; fileRef = E45BE9750E8CC7DD009D7055 /* CoreAudio.framework */; };
		E45BE9800E8CC7DD009D7055 /* CoreFoundation.framework in Frameworks */ = {isa = PBXBuildFile; fileRef = E45BE9760E8CC7DD009D7055 /* CoreFoundation.framework */; };
		E45BE9810E8CC7DD009D7055 /* CoreServices.framework in Frameworks */ = {isa = PBXBuildFile; fileRef = E45BE9770E8CC7DD009D7055 /* CoreServices.framework */; };
		E45BE9830E8CC7DD009D7055 /* OpenGL.framework in Frameworks */ = {isa = PBXBuildFile; fileRef = E45BE9790E8CC7DD009D7055 /* OpenGL.framework */; };
		E45BE9840E8CC7DD009D7055 /* QuickTime.framework in Frameworks */ = {isa = PBXBuildFile; fileRef = E45BE97A0E8CC7DD009D7055 /* QuickTime.framework */; };
		E4B69E210A3A1BDC003C02F2 /* testApp.cpp in Sources */ = {isa = PBXBuildFile; fileRef = E4B69E1E0A3A1BDC003C02F2 /* testApp.cpp */; };
		E4C2424710CC5A17004149E2 /* AppKit.framework in Frameworks */ = {isa = PBXBuildFile; fileRef = E4C2424410CC5A17004149E2 /* AppKit.framework */; };
		E4C2424810CC5A17004149E2 /* Cocoa.framework in Frameworks */ = {isa = PBXBuildFile; fileRef = E4C2424510CC5A17004149E2 /* Cocoa.framework */; };
		E4C2424910CC5A17004149E2 /* IOKit.framework in Frameworks */ = {isa = PBXBuildFile; fileRef = E4C2424610CC5A17004149E2 /* IOKit.framework */; };
		E4EB6799138ADC1D00A09F29 /* GLUT.framework in Frameworks */ = {isa = PBXBuildFile; fileRef = BBAB23BE13894E4700AA2426 /* GLUT.framework */; };
/* End PBXBuildFile section */

/* Begin PBXContainerItemProxy section */
		E4328147138ABC890047C5CB /* PBXContainerItemProxy */ = {
			isa = PBXContainerItemProxy;
			containerPortal = E4328143138ABC890047C5CB /* openFrameworksLib.xcodeproj */;
			proxyType = 2;
			remoteGlobalIDString = E4B27C1510CBEB8E00536013;
			remoteInfo = openFrameworks;
		};
		E4EEB9AB138B136A00A80321 /* PBXContainerItemProxy */ = {
			isa = PBXContainerItemProxy;
			containerPortal = E4328143138ABC890047C5CB /* openFrameworksLib.xcodeproj */;
			proxyType = 1;
			remoteGlobalIDString = E4B27C1410CBEB8E00536013;
			remoteInfo = openFrameworks;
		};
/* End PBXContainerItemProxy section */

/* Begin PBXCopyFilesBuildPhase section */
		E4C2427710CC5ABF004149E2 /* CopyFiles */ = {
			isa = PBXCopyFilesBuildPhase;
			buildActionMask = 2147483647;
			dstPath = "";
			dstSubfolderSpec = 10;
			files = (
				BBAB23CB13894F3D00AA2426 /* GLUT.framework in CopyFiles */,
			);
			runOnlyForDeploymentPostprocessing = 0;
		};
/* End PBXCopyFilesBuildPhase section */

/* Begin PBXFileReference section */
		00d6d32b84b099226431108cea775a33 /* ofxOsc.h */ = {isa = PBXFileReference; fileEncoding = 4; lastKnownFileType = sourcecode.c.h; name = ofxOsc.h; path = ../../../addons/ofxOsc/src/ofxOsc.h; sourceTree = SOURCE_ROOT; };
		65eefa3da3526e9cdd9c21f90d9b5684 /* ofxOscBundle.cpp */ = {isa = PBXFileReference; fileEncoding = 4; lastKnownFileType = sourcecode.cpp.cpp; name = ofxOscBundle.cpp; path = ../../../addons/ofxOsc/src/ofxOscBundle.cpp; sourceTree = SOURCE_ROOT; };
		7689f8a0f3d0b7635a8c310487cd0928 /* ofxOscArg.h */ = {isa = PBXFileReference; fileEncoding = 4; lastKnownFileType = sourcecode.c.h; name = ofxOscArg.h; path = ../../../addons/ofxOsc/src/ofxOscArg.h; sourceTree = SOURCE_ROOT; };
		81967292bfc87a0144bd32c66f3adb20 /* ofxOscSender.cpp */ = {isa = PBXFileReference; fileEncoding = 4; lastKnownFileType = sourcecode.cpp.cpp; name = ofxOscSender.cpp; path = ../../../addons/ofxOsc/src/ofxOscSender.cpp; sourceTree = SOURCE_ROOT; };
		8b30e93fd3d3475eed522a0e0b085e30 /* ofxOscBundle.h */ = {isa = PBXFileReference; fileEncoding = 4; lastKnownFileType = sourcecode.c.h; name = ofxOscBundle.h; path = ../../../addons/ofxOsc/src/ofxOscBundle.h; sourceTree = SOURCE_ROOT; };
		8c75afc8774a62495dd5346429f6f666 /* ofxOscReceiver.h */ = {isa = PBXFileReference; fileEncoding = 4; lastKnownFileType = sourcecode.c.h; name = ofxOscReceiver.h; path = ../../../addons/ofxOsc/src/ofxOscReceiver.h; sourceTree = SOURCE_ROOT; };
		9f7986dc4eb05e75fce2c777500fdc01 /* ofxOscSender.h */ = {isa = PBXFileReference; fileEncoding = 4; lastKnownFileType = sourcecode.c.h; name = ofxOscSender.h; path = ../../../addons/ofxOsc/src/ofxOscSender.h; sourceTree = SOURCE_ROOT; };
		BBAB23BE13894E4700AA2426 /* GLUT.framework */ = {isa = PBXFileReference; lastKnownFileType = wrapper.framework; name = GLUT.framework; path = ../../../libs/glut/lib/osx/GLUT.framework; sourceTree = "<group>"; };
		D922725D148DD37700EEE104 /* install.xml */ = {isa = PBXFileReference; fileEncoding = 4; lastKnownFileType = text.xml; path = install.xml; sourceTree = "<group>"; };
		D922725F148DD37700EEE104 /* tinyxml.cpp */ = {isa = PBXFileReference; fileEncoding = 4; lastKnownFileType = sourcecode.cpp.cpp; path = tinyxml.cpp; sourceTree = "<group>"; };
		D9227260148DD37700EEE104 /* tinyxml.h */ = {isa = PBXFileReference; fileEncoding = 4; lastKnownFileType = sourcecode.c.h; path = tinyxml.h; sourceTree = "<group>"; };
		D9227261148DD37700EEE104 /* tinyxmlerror.cpp */ = {isa = PBXFileReference; fileEncoding = 4; lastKnownFileType = sourcecode.cpp.cpp; path = tinyxmlerror.cpp; sourceTree = "<group>"; };
		D9227262148DD37700EEE104 /* tinyxmlparser.cpp */ = {isa = PBXFileReference; fileEncoding = 4; lastKnownFileType = sourcecode.cpp.cpp; path = tinyxmlparser.cpp; sourceTree = "<group>"; };
		D9227264148DD37700EEE104 /* ofxXmlSettings.cpp */ = {isa = PBXFileReference; fileEncoding = 4; lastKnownFileType = sourcecode.cpp.cpp; path = ofxXmlSettings.cpp; sourceTree = "<group>"; };
		D9227265148DD37700EEE104 /* ofxXmlSettings.h */ = {isa = PBXFileReference; fileEncoding = 4; lastKnownFileType = sourcecode.c.h; path = ofxXmlSettings.h; sourceTree = "<group>"; };
		D922727D148DD3BF00EEE104 /* Instructions.txt */ = {isa = PBXFileReference; fileEncoding = 4; lastKnownFileType = text; path = Instructions.txt; sourceTree = "<group>"; };
		D922727E148DD3BF00EEE104 /* install.xml */ = {isa = PBXFileReference; fileEncoding = 4; lastKnownFileType = text.xml; path = install.xml; sourceTree = "<group>"; };
		D9227280148DD3BF00EEE104 /* ofxDirList.h */ = {isa = PBXFileReference; fileEncoding = 4; lastKnownFileType = sourcecode.c.h; path = ofxDirList.h; sourceTree = "<group>"; };
		D9227283148DD45E00EEE104 /* ofxMatrix3x3.h */ = {isa = PBXFileReference; fileEncoding = 4; lastKnownFileType = sourcecode.c.h; path = ofxMatrix3x3.h; sourceTree = "<group>"; };
		D9227284148DD45E00EEE104 /* ofxMatrix4x4.h */ = {isa = PBXFileReference; fileEncoding = 4; lastKnownFileType = sourcecode.c.h; path = ofxMatrix4x4.h; sourceTree = "<group>"; };
		D9227285148DD45E00EEE104 /* ofxPoint2f.h */ = {isa = PBXFileReference; fileEncoding = 4; lastKnownFileType = sourcecode.c.h; path = ofxPoint2f.h; sourceTree = "<group>"; };
		D9227286148DD45E00EEE104 /* ofxPoint3f.h */ = {isa = PBXFileReference; fileEncoding = 4; lastKnownFileType = sourcecode.c.h; path = ofxPoint3f.h; sourceTree = "<group>"; };
		D9227287148DD45E00EEE104 /* ofxPoint4f.h */ = {isa = PBXFileReference; fileEncoding = 4; lastKnownFileType = sourcecode.c.h; path = ofxPoint4f.h; sourceTree = "<group>"; };
		D9227288148DD45E00EEE104 /* ofxQuaternion.h */ = {isa = PBXFileReference; fileEncoding = 4; lastKnownFileType = sourcecode.c.h; path = ofxQuaternion.h; sourceTree = "<group>"; };
		D9227289148DD45E00EEE104 /* ofxVec2f.h */ = {isa = PBXFileReference; fileEncoding = 4; lastKnownFileType = sourcecode.c.h; path = ofxVec2f.h; sourceTree = "<group>"; };
		D922728A148DD45E00EEE104 /* ofxVec3f.h */ = {isa = PBXFileReference; fileEncoding = 4; lastKnownFileType = sourcecode.c.h; path = ofxVec3f.h; sourceTree = "<group>"; };
		D922728B148DD45E00EEE104 /* ofxVec4f.h */ = {isa = PBXFileReference; fileEncoding = 4; lastKnownFileType = sourcecode.c.h; path = ofxVec4f.h; sourceTree = "<group>"; };
		D922728C148DD45E00EEE104 /* ofxVectorMath.h */ = {isa = PBXFileReference; fileEncoding = 4; lastKnownFileType = sourcecode.c.h; path = ofxVectorMath.h; sourceTree = "<group>"; };
		D92272A0148DD56700EEE104 /* ContentItem.cpp */ = {isa = PBXFileReference; fileEncoding = 4; lastKnownFileType = sourcecode.cpp.cpp; path = ContentItem.cpp; sourceTree = "<group>"; };
		D92272A1148DD56700EEE104 /* ContentItem.h */ = {isa = PBXFileReference; fileEncoding = 4; lastKnownFileType = sourcecode.c.h; path = ContentItem.h; sourceTree = "<group>"; };
		D92272A4148DD56700EEE104 /* ImageContainer.h */ = {isa = PBXFileReference; fileEncoding = 4; lastKnownFileType = sourcecode.c.h; path = ImageContainer.h; sourceTree = "<group>"; };
		D92272A5148DD56700EEE104 /* main.cpp */ = {isa = PBXFileReference; fileEncoding = 4; lastKnownFileType = sourcecode.cpp.cpp; path = main.cpp; sourceTree = "<group>"; };
		D92272A9148DD56700EEE104 /* myMtRotatableScalableItem.h */ = {isa = PBXFileReference; fileEncoding = 4; lastKnownFileType = sourcecode.c.h; path = myMtRotatableScalableItem.h; sourceTree = "<group>"; };
		D92272AB148DD56700EEE104 /* NodeButton.h */ = {isa = PBXFileReference; fileEncoding = 4; lastKnownFileType = sourcecode.c.h; path = NodeButton.h; sourceTree = "<group>"; };
		D92272AD148DD56700EEE104 /* ofxMtActionsHub.cpp */ = {isa = PBXFileReference; fileEncoding = 4; lastKnownFileType = sourcecode.cpp.cpp; path = ofxMtActionsHub.cpp; sourceTree = "<group>"; };
		D92272AE148DD56700EEE104 /* ofxMtActionsHub.h */ = {isa = PBXFileReference; fileEncoding = 4; lastKnownFileType = sourcecode.c.h; path = ofxMtActionsHub.h; sourceTree = "<group>"; };
		D92272AF148DD56700EEE104 /* ofxMtActionsObject.cpp */ = {isa = PBXFileReference; fileEncoding = 4; lastKnownFileType = sourcecode.cpp.cpp; path = ofxMtActionsObject.cpp; sourceTree = "<group>"; };
		D92272B0148DD56700EEE104 /* ofxMtActionsObject.h */ = {isa = PBXFileReference; fileEncoding = 4; lastKnownFileType = sourcecode.c.h; path = ofxMtActionsObject.h; sourceTree = "<group>"; };
		D92272B1148DD56700EEE104 /* ofxMtActionsObjectEvents.h */ = {isa = PBXFileReference; fileEncoding = 4; lastKnownFileType = sourcecode.c.h; path = ofxMtActionsObjectEvents.h; sourceTree = "<group>"; };
		D92272B2148DD56700EEE104 /* ofxMtActionTouch.h */ = {isa = PBXFileReference; fileEncoding = 4; lastKnownFileType = sourcecode.c.h; path = ofxMtActionTouch.h; sourceTree = "<group>"; };
		D92F01E0148F3613003B96D9 /* PixelEvent.h */ = {isa = PBXFileReference; fileEncoding = 4; lastKnownFileType = sourcecode.c.h; path = PixelEvent.h; sourceTree = "<group>"; };
		D92F01E1148F3970003B96D9 /* PixelEventArgs.h */ = {isa = PBXFileReference; fileEncoding = 4; lastKnownFileType = sourcecode.c.h; path = PixelEventArgs.h; sourceTree = "<group>"; };
		D9517FE01495B82B00CDA4F0 /* CrossFadeImage.h */ = {isa = PBXFileReference; fileEncoding = 4; lastKnownFileType = sourcecode.c.h; path = CrossFadeImage.h; sourceTree = "<group>"; };
		D96DE3851491BA4600CDACEC /* TransitionEventArgs.h */ = {isa = PBXFileReference; fileEncoding = 4; lastKnownFileType = sourcecode.c.h; path = TransitionEventArgs.h; sourceTree = "<group>"; };
		D9877E99149706EB005887DC /* changelog.txt */ = {isa = PBXFileReference; fileEncoding = 4; lastKnownFileType = text; path = changelog.txt; sourceTree = "<group>"; };
		D9877E9A149706EB005887DC /* install.xml */ = {isa = PBXFileReference; fileEncoding = 4; lastKnownFileType = text.xml; path = install.xml; sourceTree = "<group>"; };
		D9877E9B149706EB005887DC /* LICENSE.txt */ = {isa = PBXFileReference; fileEncoding = 4; lastKnownFileType = text; path = LICENSE.txt; sourceTree = "<group>"; };
		D9877E9D149706EB005887DC /* ofxMSAInteractiveObject.cpp */ = {isa = PBXFileReference; fileEncoding = 4; lastKnownFileType = sourcecode.cpp.cpp; path = ofxMSAInteractiveObject.cpp; sourceTree = "<group>"; };
		D9877E9E149706EB005887DC /* ofxMSAInteractiveObject.h */ = {isa = PBXFileReference; fileEncoding = 4; lastKnownFileType = sourcecode.c.h; path = ofxMSAInteractiveObject.h; sourceTree = "<group>"; };
		D9877EA0149706EB005887DC /* changelog.txt */ = {isa = PBXFileReference; fileEncoding = 4; lastKnownFileType = text; path = changelog.txt; sourceTree = "<group>"; };
		D9877EA1149706EB005887DC /* install.xml */ = {isa = PBXFileReference; fileEncoding = 4; lastKnownFileType = text.xml; path = install.xml; sourceTree = "<group>"; };
		D9877EA2149706EB005887DC /* LICENSE.txt */ = {isa = PBXFileReference; fileEncoding = 4; lastKnownFileType = text; path = LICENSE.txt; sourceTree = "<group>"; };
		D9877EA4149706EB005887DC /* ofxMultiTouch.cpp */ = {isa = PBXFileReference; fileEncoding = 4; lastKnownFileType = sourcecode.cpp.cpp; path = ofxMultiTouch.cpp; sourceTree = "<group>"; };
		D9877EA5149706EB005887DC /* ofxMultiTouch.h */ = {isa = PBXFileReference; fileEncoding = 4; lastKnownFileType = sourcecode.c.h; path = ofxMultiTouch.h; sourceTree = "<group>"; };
		D9877EA6149706EB005887DC /* ofxMultiTouchListener.h */ = {isa = PBXFileReference; fileEncoding = 4; lastKnownFileType = sourcecode.c.h; path = ofxMultiTouchListener.h; sourceTree = "<group>"; };
		D9877EA9149706EB005887DC /* ofxMarkerHandler.cpp */ = {isa = PBXFileReference; fileEncoding = 4; lastKnownFileType = sourcecode.cpp.cpp; path = ofxMarkerHandler.cpp; sourceTree = "<group>"; };
		D9877EAA149706EB005887DC /* ofxMarkerHandler.h */ = {isa = PBXFileReference; fileEncoding = 4; lastKnownFileType = sourcecode.c.h; path = ofxMarkerHandler.h; sourceTree = "<group>"; };
		D9877EAB149706EB005887DC /* ofxMarkerListener.h */ = {isa = PBXFileReference; fileEncoding = 4; lastKnownFileType = sourcecode.c.h; path = ofxMarkerListener.h; sourceTree = "<group>"; };
		D9877EAC149706EB005887DC /* ofxMarkerObject.cpp */ = {isa = PBXFileReference; fileEncoding = 4; lastKnownFileType = sourcecode.cpp.cpp; path = ofxMarkerObject.cpp; sourceTree = "<group>"; };
		D9877EAD149706EB005887DC /* ofxMarkerObject.h */ = {isa = PBXFileReference; fileEncoding = 4; lastKnownFileType = sourcecode.c.h; path = ofxMarkerObject.h; sourceTree = "<group>"; };
		D9877EAE149706EB005887DC /* ofxMarkerObjectEvents.h */ = {isa = PBXFileReference; fileEncoding = 4; lastKnownFileType = sourcecode.c.h; path = ofxMarkerObjectEvents.h; sourceTree = "<group>"; };
		D9877EAF149706EB005887DC /* ofxMtObject.cpp */ = {isa = PBXFileReference; fileEncoding = 4; lastKnownFileType = sourcecode.cpp.cpp; path = ofxMtObject.cpp; sourceTree = "<group>"; };
		D9877EB0149706EB005887DC /* ofxMtObject.h */ = {isa = PBXFileReference; fileEncoding = 4; lastKnownFileType = sourcecode.c.h; path = ofxMtObject.h; sourceTree = "<group>"; };
		D9877EB1149706EB005887DC /* ofxMtObjectEvents.h */ = {isa = PBXFileReference; fileEncoding = 4; lastKnownFileType = sourcecode.c.h; path = ofxMtObjectEvents.h; sourceTree = "<group>"; };
		D9877EB3149706EB005887DC /* changelog.txt */ = {isa = PBXFileReference; fileEncoding = 4; lastKnownFileType = text; path = changelog.txt; sourceTree = "<group>"; };
		D9877EB4149706EB005887DC /* install.xml */ = {isa = PBXFileReference; fileEncoding = 4; lastKnownFileType = text.xml; path = install.xml; sourceTree = "<group>"; };
		D9877EB5149706EB005887DC /* LICENSE.txt */ = {isa = PBXFileReference; fileEncoding = 4; lastKnownFileType = text; path = LICENSE.txt; sourceTree = "<group>"; };
		D9877EB8149706EB005887DC /* ofxSimpleGuiButton.cpp */ = {isa = PBXFileReference; fileEncoding = 4; lastKnownFileType = sourcecode.cpp.cpp; path = ofxSimpleGuiButton.cpp; sourceTree = "<group>"; };
		D9877EB9149706EB005887DC /* ofxSimpleGuiButton.h */ = {isa = PBXFileReference; fileEncoding = 4; lastKnownFileType = sourcecode.c.h; path = ofxSimpleGuiButton.h; sourceTree = "<group>"; };
		D9877EBA149706EB005887DC /* ofxSimpleGuiColorPicker.cpp */ = {isa = PBXFileReference; fileEncoding = 4; lastKnownFileType = sourcecode.cpp.cpp; path = ofxSimpleGuiColorPicker.cpp; sourceTree = "<group>"; };
		D9877EBB149706EB005887DC /* ofxSimpleGuiColorPicker.h */ = {isa = PBXFileReference; fileEncoding = 4; lastKnownFileType = sourcecode.c.h; path = ofxSimpleGuiColorPicker.h; sourceTree = "<group>"; };
		D9877EBC149706EB005887DC /* ofxSimpleGuiComboBox.cpp */ = {isa = PBXFileReference; fileEncoding = 4; lastKnownFileType = sourcecode.cpp.cpp; path = ofxSimpleGuiComboBox.cpp; sourceTree = "<group>"; };
		D9877EBD149706EB005887DC /* ofxSimpleGuiComboBox.h */ = {isa = PBXFileReference; fileEncoding = 4; lastKnownFileType = sourcecode.c.h; path = ofxSimpleGuiComboBox.h; sourceTree = "<group>"; };
		D9877EBE149706EB005887DC /* ofxSimpleGuiContent.cpp */ = {isa = PBXFileReference; fileEncoding = 4; lastKnownFileType = sourcecode.cpp.cpp; path = ofxSimpleGuiContent.cpp; sourceTree = "<group>"; };
		D9877EBF149706EB005887DC /* ofxSimpleGuiContent.h */ = {isa = PBXFileReference; fileEncoding = 4; lastKnownFileType = sourcecode.c.h; path = ofxSimpleGuiContent.h; sourceTree = "<group>"; };
		D9877EC0149706EB005887DC /* ofxSimpleGuiFPSCounter.cpp */ = {isa = PBXFileReference; fileEncoding = 4; lastKnownFileType = sourcecode.cpp.cpp; path = ofxSimpleGuiFPSCounter.cpp; sourceTree = "<group>"; };
		D9877EC1149706EB005887DC /* ofxSimpleGuiFPSCounter.h */ = {isa = PBXFileReference; fileEncoding = 4; lastKnownFileType = sourcecode.c.h; path = ofxSimpleGuiFPSCounter.h; sourceTree = "<group>"; };
		D9877EC2149706EB005887DC /* ofxSimpleGuiMovieSlider.cpp */ = {isa = PBXFileReference; fileEncoding = 4; lastKnownFileType = sourcecode.cpp.cpp; path = ofxSimpleGuiMovieSlider.cpp; sourceTree = "<group>"; };
		D9877EC3149706EB005887DC /* ofxSimpleGuiMovieSlider.h */ = {isa = PBXFileReference; fileEncoding = 4; lastKnownFileType = sourcecode.c.h; path = ofxSimpleGuiMovieSlider.h; sourceTree = "<group>"; };
		D9877EC4149706EB005887DC /* ofxSimpleGuiQuadWarp.cpp */ = {isa = PBXFileReference; fileEncoding = 4; lastKnownFileType = sourcecode.cpp.cpp; path = ofxSimpleGuiQuadWarp.cpp; sourceTree = "<group>"; };
		D9877EC5149706EB005887DC /* ofxSimpleGuiQuadWarp.h */ = {isa = PBXFileReference; fileEncoding = 4; lastKnownFileType = sourcecode.c.h; path = ofxSimpleGuiQuadWarp.h; sourceTree = "<group>"; };
		D9877EC6149706EB005887DC /* ofxSimpleGuiSlider2d.cpp */ = {isa = PBXFileReference; fileEncoding = 4; lastKnownFileType = sourcecode.cpp.cpp; path = ofxSimpleGuiSlider2d.cpp; sourceTree = "<group>"; };
		D9877EC7149706EB005887DC /* ofxSimpleGuiSlider2d.h */ = {isa = PBXFileReference; fileEncoding = 4; lastKnownFileType = sourcecode.c.h; path = ofxSimpleGuiSlider2d.h; sourceTree = "<group>"; };
		D9877EC8149706EB005887DC /* ofxSimpleGuiSliderBase.h */ = {isa = PBXFileReference; fileEncoding = 4; lastKnownFileType = sourcecode.c.h; path = ofxSimpleGuiSliderBase.h; sourceTree = "<group>"; };
		D9877EC9149706EB005887DC /* ofxSimpleGuiSliderFloat.h */ = {isa = PBXFileReference; fileEncoding = 4; lastKnownFileType = sourcecode.c.h; path = ofxSimpleGuiSliderFloat.h; sourceTree = "<group>"; };
		D9877ECA149706EB005887DC /* ofxSimpleGuiSliderInt.h */ = {isa = PBXFileReference; fileEncoding = 4; lastKnownFileType = sourcecode.c.h; path = ofxSimpleGuiSliderInt.h; sourceTree = "<group>"; };
		D9877ECB149706EB005887DC /* ofxSimpleGuiTitle.cpp */ = {isa = PBXFileReference; fileEncoding = 4; lastKnownFileType = sourcecode.cpp.cpp; path = ofxSimpleGuiTitle.cpp; sourceTree = "<group>"; };
		D9877ECC149706EB005887DC /* ofxSimpleGuiTitle.h */ = {isa = PBXFileReference; fileEncoding = 4; lastKnownFileType = sourcecode.c.h; path = ofxSimpleGuiTitle.h; sourceTree = "<group>"; };
		D9877ECD149706EB005887DC /* ofxSimpleGuiToggle.cpp */ = {isa = PBXFileReference; fileEncoding = 4; lastKnownFileType = sourcecode.cpp.cpp; path = ofxSimpleGuiToggle.cpp; sourceTree = "<group>"; };
		D9877ECE149706EB005887DC /* ofxSimpleGuiToggle.h */ = {isa = PBXFileReference; fileEncoding = 4; lastKnownFileType = sourcecode.c.h; path = ofxSimpleGuiToggle.h; sourceTree = "<group>"; };
		D9877ECF149706EB005887DC /* ofxSimpleGuiConfig.cpp */ = {isa = PBXFileReference; fileEncoding = 4; lastKnownFileType = sourcecode.cpp.cpp; path = ofxSimpleGuiConfig.cpp; sourceTree = "<group>"; };
		D9877ED0149706EB005887DC /* ofxSimpleGuiConfig.h */ = {isa = PBXFileReference; fileEncoding = 4; lastKnownFileType = sourcecode.c.h; path = ofxSimpleGuiConfig.h; sourceTree = "<group>"; };
		D9877ED1149706EB005887DC /* ofxSimpleGuiControl.cpp */ = {isa = PBXFileReference; fileEncoding = 4; lastKnownFileType = sourcecode.cpp.cpp; path = ofxSimpleGuiControl.cpp; sourceTree = "<group>"; };
		D9877ED2149706EB005887DC /* ofxSimpleGuiControl.h */ = {isa = PBXFileReference; fileEncoding = 4; lastKnownFileType = sourcecode.c.h; path = ofxSimpleGuiControl.h; sourceTree = "<group>"; };
		D9877ED3149706EB005887DC /* ofxSimpleGuiIncludes.h */ = {isa = PBXFileReference; fileEncoding = 4; lastKnownFileType = sourcecode.c.h; path = ofxSimpleGuiIncludes.h; sourceTree = "<group>"; };
		D9877ED4149706EB005887DC /* ofxSimpleGuiPage.cpp */ = {isa = PBXFileReference; fileEncoding = 4; lastKnownFileType = sourcecode.cpp.cpp; path = ofxSimpleGuiPage.cpp; sourceTree = "<group>"; };
		D9877ED5149706EB005887DC /* ofxSimpleGuiPage.h */ = {isa = PBXFileReference; fileEncoding = 4; lastKnownFileType = sourcecode.c.h; path = ofxSimpleGuiPage.h; sourceTree = "<group>"; };
		D9877ED6149706EB005887DC /* ofxSimpleGuiToo.cpp */ = {isa = PBXFileReference; fileEncoding = 4; lastKnownFileType = sourcecode.cpp.cpp; path = ofxSimpleGuiToo.cpp; sourceTree = "<group>"; };
		D9877ED7149706EB005887DC /* ofxSimpleGuiToo.h */ = {isa = PBXFileReference; fileEncoding = 4; lastKnownFileType = sourcecode.c.h; path = ofxSimpleGuiToo.h; sourceTree = "<group>"; };
		D9877ED8149706EB005887DC /* ofxSimpleGuiValueControl.cpp */ = {isa = PBXFileReference; fileEncoding = 4; lastKnownFileType = sourcecode.cpp.cpp; path = ofxSimpleGuiValueControl.cpp; sourceTree = "<group>"; };
		D9877ED9149706EB005887DC /* ofxSimpleGuiValueControl.h */ = {isa = PBXFileReference; fileEncoding = 4; lastKnownFileType = sourcecode.c.h; path = ofxSimpleGuiValueControl.h; sourceTree = "<group>"; };
		D9877EDC149706EB005887DC /* Doxyfile */ = {isa = PBXFileReference; fileEncoding = 4; lastKnownFileType = text; path = Doxyfile; sourceTree = "<group>"; };
		D9877EDD149706EB005887DC /* TuioClient.cpp */ = {isa = PBXFileReference; fileEncoding = 4; lastKnownFileType = sourcecode.cpp.cpp; path = TuioClient.cpp; sourceTree = "<group>"; };
		D9877EDE149706EB005887DC /* TuioClient.h */ = {isa = PBXFileReference; fileEncoding = 4; lastKnownFileType = sourcecode.c.h; path = TuioClient.h; sourceTree = "<group>"; };
		D9877EDF149706EB005887DC /* TuioContainer.h */ = {isa = PBXFileReference; fileEncoding = 4; lastKnownFileType = sourcecode.c.h; path = TuioContainer.h; sourceTree = "<group>"; };
		D9877EE0149706EB005887DC /* TuioCursor.h */ = {isa = PBXFileReference; fileEncoding = 4; lastKnownFileType = sourcecode.c.h; path = TuioCursor.h; sourceTree = "<group>"; };
		D9877EE1149706EB005887DC /* TuioListener.h */ = {isa = PBXFileReference; fileEncoding = 4; lastKnownFileType = sourcecode.c.h; path = TuioListener.h; sourceTree = "<group>"; };
		D9877EE2149706EB005887DC /* TuioObject.h */ = {isa = PBXFileReference; fileEncoding = 4; lastKnownFileType = sourcecode.c.h; path = TuioObject.h; sourceTree = "<group>"; };
		D9877EE3149706EB005887DC /* TuioPoint.h */ = {isa = PBXFileReference; fileEncoding = 4; lastKnownFileType = sourcecode.c.h; path = TuioPoint.h; sourceTree = "<group>"; };
		D9877EE4149706EB005887DC /* TuioServer.cpp */ = {isa = PBXFileReference; fileEncoding = 4; lastKnownFileType = sourcecode.cpp.cpp; path = TuioServer.cpp; sourceTree = "<group>"; };
		D9877EE5149706EB005887DC /* TuioServer.h */ = {isa = PBXFileReference; fileEncoding = 4; lastKnownFileType = sourcecode.c.h; path = TuioServer.h; sourceTree = "<group>"; };
		D9877EE6149706EB005887DC /* TuioTime.cpp */ = {isa = PBXFileReference; fileEncoding = 4; lastKnownFileType = sourcecode.cpp.cpp; path = TuioTime.cpp; sourceTree = "<group>"; };
		D9877EE7149706EB005887DC /* TuioTime.h */ = {isa = PBXFileReference; fileEncoding = 4; lastKnownFileType = sourcecode.c.h; path = TuioTime.h; sourceTree = "<group>"; };
		D9877EE8149706EB005887DC /* ofxTuioClient.cpp */ = {isa = PBXFileReference; fileEncoding = 4; lastKnownFileType = sourcecode.cpp.cpp; path = ofxTuioClient.cpp; sourceTree = "<group>"; };
		D9877EE9149706EB005887DC /* ofxTuioClient.h */ = {isa = PBXFileReference; fileEncoding = 4; lastKnownFileType = sourcecode.c.h; path = ofxTuioClient.h; sourceTree = "<group>"; };
		D9877EEA149706EB005887DC /* ofxTuioServer.cpp */ = {isa = PBXFileReference; fileEncoding = 4; lastKnownFileType = sourcecode.cpp.cpp; path = ofxTuioServer.cpp; sourceTree = "<group>"; };
		D9877EEB149706EB005887DC /* ofxTuioServer.h */ = {isa = PBXFileReference; fileEncoding = 4; lastKnownFileType = sourcecode.c.h; path = ofxTuioServer.h; sourceTree = "<group>"; };
		D9877F07149706EC005887DC /* README */ = {isa = PBXFileReference; fileEncoding = 4; lastKnownFileType = text; path = README; sourceTree = "<group>"; };
		D9877F09149706EC005887DC /* ofxTweenzor.h */ = {isa = PBXFileReference; fileEncoding = 4; lastKnownFileType = sourcecode.c.h; path = ofxTweenzor.h; sourceTree = "<group>"; };
		D9877F0A149706EC005887DC /* Tween.cpp */ = {isa = PBXFileReference; fileEncoding = 4; lastKnownFileType = sourcecode.cpp.cpp; path = Tween.cpp; sourceTree = "<group>"; };
		D9877F0B149706EC005887DC /* Tween.h */ = {isa = PBXFileReference; fileEncoding = 4; lastKnownFileType = sourcecode.c.h; path = Tween.h; sourceTree = "<group>"; };
		D9877F0C149706EC005887DC /* TweenEvent.h */ = {isa = PBXFileReference; fileEncoding = 4; lastKnownFileType = sourcecode.c.h; path = TweenEvent.h; sourceTree = "<group>"; };
		D9877F0D149706EC005887DC /* TweenFunctions.h */ = {isa = PBXFileReference; fileEncoding = 4; lastKnownFileType = sourcecode.c.h; path = TweenFunctions.h; sourceTree = "<group>"; };
		D9877F0E149706EC005887DC /* TweenSelector.h */ = {isa = PBXFileReference; fileEncoding = 4; lastKnownFileType = sourcecode.c.h; path = TweenSelector.h; sourceTree = "<group>"; };
		D9877F0F149706EC005887DC /* Tweenzor.cpp */ = {isa = PBXFileReference; fileEncoding = 4; lastKnownFileType = sourcecode.cpp.cpp; path = Tweenzor.cpp; sourceTree = "<group>"; };
		D9877F10149706EC005887DC /* Tweenzor.h */ = {isa = PBXFileReference; fileEncoding = 4; lastKnownFileType = sourcecode.c.h; path = Tweenzor.h; sourceTree = "<group>"; };
		D9877F6014970CB0005887DC /* README */ = {isa = PBXFileReference; fileEncoding = 4; lastKnownFileType = text; path = README; sourceTree = "<group>"; };
		D9877F6214970CB0005887DC /* CorePixelHitTest.h */ = {isa = PBXFileReference; fileEncoding = 4; lastKnownFileType = sourcecode.c.h; path = CorePixelHitTest.h; sourceTree = "<group>"; };
		D9877F6314970CB0005887DC /* PixelHitTestHub.cpp */ = {isa = PBXFileReference; fileEncoding = 4; lastKnownFileType = sourcecode.cpp.cpp; path = PixelHitTestHub.cpp; sourceTree = "<group>"; };
		D9877F6414970CB0005887DC /* PixelHitTestHub.h */ = {isa = PBXFileReference; fileEncoding = 4; lastKnownFileType = sourcecode.c.h; path = PixelHitTestHub.h; sourceTree = "<group>"; };
		E4328143138ABC890047C5CB /* openFrameworksLib.xcodeproj */ = {isa = PBXFileReference; lastKnownFileType = "wrapper.pb-project"; name = openFrameworksLib.xcodeproj; path = ../../../libs/openFrameworksCompiled/project/osx/openFrameworksLib.xcodeproj; sourceTree = SOURCE_ROOT; };
		E45BE9710E8CC7DD009D7055 /* AGL.framework */ = {isa = PBXFileReference; lastKnownFileType = wrapper.framework; name = AGL.framework; path = /System/Library/Frameworks/AGL.framework; sourceTree = "<absolute>"; };
		E45BE9720E8CC7DD009D7055 /* ApplicationServices.framework */ = {isa = PBXFileReference; lastKnownFileType = wrapper.framework; name = ApplicationServices.framework; path = /System/Library/Frameworks/ApplicationServices.framework; sourceTree = "<absolute>"; };
		E45BE9730E8CC7DD009D7055 /* AudioToolbox.framework */ = {isa = PBXFileReference; lastKnownFileType = wrapper.framework; name = AudioToolbox.framework; path = /System/Library/Frameworks/AudioToolbox.framework; sourceTree = "<absolute>"; };
		E45BE9740E8CC7DD009D7055 /* Carbon.framework */ = {isa = PBXFileReference; lastKnownFileType = wrapper.framework; name = Carbon.framework; path = /System/Library/Frameworks/Carbon.framework; sourceTree = "<absolute>"; };
		E45BE9750E8CC7DD009D7055 /* CoreAudio.framework */ = {isa = PBXFileReference; lastKnownFileType = wrapper.framework; name = CoreAudio.framework; path = /System/Library/Frameworks/CoreAudio.framework; sourceTree = "<absolute>"; };
		E45BE9760E8CC7DD009D7055 /* CoreFoundation.framework */ = {isa = PBXFileReference; lastKnownFileType = wrapper.framework; name = CoreFoundation.framework; path = /System/Library/Frameworks/CoreFoundation.framework; sourceTree = "<absolute>"; };
		E45BE9770E8CC7DD009D7055 /* CoreServices.framework */ = {isa = PBXFileReference; lastKnownFileType = wrapper.framework; name = CoreServices.framework; path = /System/Library/Frameworks/CoreServices.framework; sourceTree = "<absolute>"; };
		E45BE9790E8CC7DD009D7055 /* OpenGL.framework */ = {isa = PBXFileReference; lastKnownFileType = wrapper.framework; name = OpenGL.framework; path = /System/Library/Frameworks/OpenGL.framework; sourceTree = "<absolute>"; };
		E45BE97A0E8CC7DD009D7055 /* QuickTime.framework */ = {isa = PBXFileReference; lastKnownFileType = wrapper.framework; name = QuickTime.framework; path = /System/Library/Frameworks/QuickTime.framework; sourceTree = "<absolute>"; };
		E4B69B5B0A3A1756003C02F2 /* Helios_TableTopDebug.app */ = {isa = PBXFileReference; explicitFileType = wrapper.application; includeInIndex = 0; path = Helios_TableTopDebug.app; sourceTree = BUILT_PRODUCTS_DIR; };
		E4B69E1E0A3A1BDC003C02F2 /* testApp.cpp */ = {isa = PBXFileReference; explicitFileType = sourcecode.cpp.cpp; fileEncoding = 30; name = testApp.cpp; path = src/testApp.cpp; sourceTree = SOURCE_ROOT; };
		E4B69E1F0A3A1BDC003C02F2 /* testApp.h */ = {isa = PBXFileReference; fileEncoding = 30; lastKnownFileType = sourcecode.c.h; name = testApp.h; path = src/testApp.h; sourceTree = SOURCE_ROOT; };
		E4B6FCAD0C3E899E008CF71C /* openFrameworks-Info.plist */ = {isa = PBXFileReference; fileEncoding = 30; lastKnownFileType = text.plist.xml; path = "openFrameworks-Info.plist"; sourceTree = "<group>"; };
		E4C2424410CC5A17004149E2 /* AppKit.framework */ = {isa = PBXFileReference; lastKnownFileType = wrapper.framework; name = AppKit.framework; path = /System/Library/Frameworks/AppKit.framework; sourceTree = "<absolute>"; };
		E4C2424510CC5A17004149E2 /* Cocoa.framework */ = {isa = PBXFileReference; lastKnownFileType = wrapper.framework; name = Cocoa.framework; path = /System/Library/Frameworks/Cocoa.framework; sourceTree = "<absolute>"; };
		E4C2424610CC5A17004149E2 /* IOKit.framework */ = {isa = PBXFileReference; lastKnownFileType = wrapper.framework; name = IOKit.framework; path = /System/Library/Frameworks/IOKit.framework; sourceTree = "<absolute>"; };
		E4EB691F138AFCF100A09F29 /* CoreOF.xcconfig */ = {isa = PBXFileReference; fileEncoding = 4; lastKnownFileType = text.xcconfig; name = CoreOF.xcconfig; path = ../../../libs/openFrameworksCompiled/project/osx/CoreOF.xcconfig; sourceTree = SOURCE_ROOT; };
		E4EB6923138AFD0F00A09F29 /* Project.xcconfig */ = {isa = PBXFileReference; fileEncoding = 4; lastKnownFileType = text.xcconfig; path = Project.xcconfig; sourceTree = "<group>"; };
		c2fac65c491d4231379f3298ec59c6e9 /* ofxOscReceiver.cpp */ = {isa = PBXFileReference; fileEncoding = 4; lastKnownFileType = sourcecode.cpp.cpp; name = ofxOscReceiver.cpp; path = ../../../addons/ofxOsc/src/ofxOscReceiver.cpp; sourceTree = SOURCE_ROOT; };
		c58862c6d212c8e8a83810f4246811b1 /* ofxOscMessage.h */ = {isa = PBXFileReference; fileEncoding = 4; lastKnownFileType = sourcecode.c.h; name = ofxOscMessage.h; path = ../../../addons/ofxOsc/src/ofxOscMessage.h; sourceTree = SOURCE_ROOT; };
		df49d76c45d5db505a234880104e4dc7 /* ofxOscMessage.cpp */ = {isa = PBXFileReference; fileEncoding = 4; lastKnownFileType = sourcecode.cpp.cpp; name = ofxOscMessage.cpp; path = ../../../addons/ofxOsc/src/ofxOscMessage.cpp; sourceTree = SOURCE_ROOT; };
/* End PBXFileReference section */

/* Begin PBXFrameworksBuildPhase section */
		E4B69B590A3A1756003C02F2 /* Frameworks */ = {
			isa = PBXFrameworksBuildPhase;
			buildActionMask = 2147483647;
			files = (
				E4EB6799138ADC1D00A09F29 /* GLUT.framework in Frameworks */,
				E4328149138ABC9F0047C5CB /* openFrameworksDebug.a in Frameworks */,
				E45BE97B0E8CC7DD009D7055 /* AGL.framework in Frameworks */,
				E45BE97C0E8CC7DD009D7055 /* ApplicationServices.framework in Frameworks */,
				E45BE97D0E8CC7DD009D7055 /* AudioToolbox.framework in Frameworks */,
				E45BE97E0E8CC7DD009D7055 /* Carbon.framework in Frameworks */,
				E45BE97F0E8CC7DD009D7055 /* CoreAudio.framework in Frameworks */,
				E45BE9800E8CC7DD009D7055 /* CoreFoundation.framework in Frameworks */,
				E45BE9810E8CC7DD009D7055 /* CoreServices.framework in Frameworks */,
				E45BE9830E8CC7DD009D7055 /* OpenGL.framework in Frameworks */,
				E45BE9840E8CC7DD009D7055 /* QuickTime.framework in Frameworks */,
				E4C2424710CC5A17004149E2 /* AppKit.framework in Frameworks */,
				E4C2424810CC5A17004149E2 /* Cocoa.framework in Frameworks */,
				E4C2424910CC5A17004149E2 /* IOKit.framework in Frameworks */,
			);
			runOnlyForDeploymentPostprocessing = 0;
		};
/* End PBXFrameworksBuildPhase section */

/* Begin PBXGroup section */
		BB4B014C10F69532006C3DED /* addons */ = {
			isa = PBXGroup;
			children = (
				D9877F5F14970CB0005887DC /* ofxPixelHitTest */,
				D9877E98149706EB005887DC /* ofxMSAInteractiveObject */,
				D9877E9F149706EB005887DC /* ofxMultiTouch */,
				D9877EA7149706EB005887DC /* ofxMultiTouchObject */,
				D9877EB2149706EB005887DC /* ofxSimpleGuiToo */,
				D9877EDA149706EB005887DC /* ofxTuioWrapper */,
				D9877F06149706EC005887DC /* ofxTweenzor */,
				D9227281148DD45E00EEE104 /* ofxVectorMath */,
				D922727B148DD3BF00EEE104 /* ofxDirList */,
				D922725C148DD37700EEE104 /* ofxXmlSettings */,
				e3876ba985d2f451ca0f5b8750e81b30 /* ofxOsc */,
			);
			name = addons;
			sourceTree = "<group>";
		};
		BBAB23C913894ECA00AA2426 /* system frameworks */ = {
			isa = PBXGroup;
			children = (
				E4C2424410CC5A17004149E2 /* AppKit.framework */,
				E4C2424510CC5A17004149E2 /* Cocoa.framework */,
				E4C2424610CC5A17004149E2 /* IOKit.framework */,
				E45BE9710E8CC7DD009D7055 /* AGL.framework */,
				E45BE9720E8CC7DD009D7055 /* ApplicationServices.framework */,
				E45BE9730E8CC7DD009D7055 /* AudioToolbox.framework */,
				E45BE9740E8CC7DD009D7055 /* Carbon.framework */,
				E45BE9750E8CC7DD009D7055 /* CoreAudio.framework */,
				E45BE9760E8CC7DD009D7055 /* CoreFoundation.framework */,
				E45BE9770E8CC7DD009D7055 /* CoreServices.framework */,
				E45BE9790E8CC7DD009D7055 /* OpenGL.framework */,
				E45BE97A0E8CC7DD009D7055 /* QuickTime.framework */,
			);
			name = "system frameworks";
			sourceTree = "<group>";
		};
		BBAB23CA13894EDB00AA2426 /* 3rd party frameworks */ = {
			isa = PBXGroup;
			children = (
				BBAB23BE13894E4700AA2426 /* GLUT.framework */,
			);
			name = "3rd party frameworks";
			sourceTree = "<group>";
		};
		D922725C148DD37700EEE104 /* ofxXmlSettings */ = {
			isa = PBXGroup;
			children = (
				D922725D148DD37700EEE104 /* install.xml */,
				D922725E148DD37700EEE104 /* libs */,
				D9227263148DD37700EEE104 /* src */,
			);
			name = ofxXmlSettings;
			path = ../../../addons/ofxXmlSettings;
			sourceTree = "<group>";
		};
		D922725E148DD37700EEE104 /* libs */ = {
			isa = PBXGroup;
			children = (
				D922725F148DD37700EEE104 /* tinyxml.cpp */,
				D9227260148DD37700EEE104 /* tinyxml.h */,
				D9227261148DD37700EEE104 /* tinyxmlerror.cpp */,
				D9227262148DD37700EEE104 /* tinyxmlparser.cpp */,
			);
			path = libs;
			sourceTree = "<group>";
		};
		D9227263148DD37700EEE104 /* src */ = {
			isa = PBXGroup;
			children = (
				D9227264148DD37700EEE104 /* ofxXmlSettings.cpp */,
				D9227265148DD37700EEE104 /* ofxXmlSettings.h */,
			);
			path = src;
			sourceTree = "<group>";
		};
		D922727B148DD3BF00EEE104 /* ofxDirList */ = {
			isa = PBXGroup;
			children = (
				D922727C148DD3BF00EEE104 /* doc */,
				D922727E148DD3BF00EEE104 /* install.xml */,
				D922727F148DD3BF00EEE104 /* src */,
			);
			name = ofxDirList;
			path = ../../../addons/ofxDirList;
			sourceTree = "<group>";
		};
		D922727C148DD3BF00EEE104 /* doc */ = {
			isa = PBXGroup;
			children = (
				D922727D148DD3BF00EEE104 /* Instructions.txt */,
			);
			path = doc;
			sourceTree = "<group>";
		};
		D922727F148DD3BF00EEE104 /* src */ = {
			isa = PBXGroup;
			children = (
				D9227280148DD3BF00EEE104 /* ofxDirList.h */,
			);
			path = src;
			sourceTree = "<group>";
		};
		D9227281148DD45E00EEE104 /* ofxVectorMath */ = {
			isa = PBXGroup;
			children = (
				D9227282148DD45E00EEE104 /* src */,
			);
			name = ofxVectorMath;
			path = ../../../addons/ofxVectorMath;
			sourceTree = "<group>";
		};
		D9227282148DD45E00EEE104 /* src */ = {
			isa = PBXGroup;
			children = (
				D9227283148DD45E00EEE104 /* ofxMatrix3x3.h */,
				D9227284148DD45E00EEE104 /* ofxMatrix4x4.h */,
				D9227285148DD45E00EEE104 /* ofxPoint2f.h */,
				D9227286148DD45E00EEE104 /* ofxPoint3f.h */,
				D9227287148DD45E00EEE104 /* ofxPoint4f.h */,
				D9227288148DD45E00EEE104 /* ofxQuaternion.h */,
				D9227289148DD45E00EEE104 /* ofxVec2f.h */,
				D922728A148DD45E00EEE104 /* ofxVec3f.h */,
				D922728B148DD45E00EEE104 /* ofxVec4f.h */,
				D922728C148DD45E00EEE104 /* ofxVectorMath.h */,
			);
			path = src;
			sourceTree = "<group>";
		};
		D9227307148DF30B00EEE104 /* Multitouch */ = {
			isa = PBXGroup;
			children = (
				D92272A9148DD56700EEE104 /* myMtRotatableScalableItem.h */,
				D92272AD148DD56700EEE104 /* ofxMtActionsHub.cpp */,
				D92272AE148DD56700EEE104 /* ofxMtActionsHub.h */,
				D92272AF148DD56700EEE104 /* ofxMtActionsObject.cpp */,
				D92272B0148DD56700EEE104 /* ofxMtActionsObject.h */,
				D92272B1148DD56700EEE104 /* ofxMtActionsObjectEvents.h */,
				D92272B2148DD56700EEE104 /* ofxMtActionTouch.h */,
			);
			name = Multitouch;
			sourceTree = "<group>";
		};
		D92F01DF148F3582003B96D9 /* Events */ = {
			isa = PBXGroup;
			children = (
				D92F01E0148F3613003B96D9 /* PixelEvent.h */,
				D92F01E1148F3970003B96D9 /* PixelEventArgs.h */,
				D96DE3851491BA4600CDACEC /* TransitionEventArgs.h */,
			);
			name = Events;
			sourceTree = "<group>";
		};
		D9877E98149706EB005887DC /* ofxMSAInteractiveObject */ = {
			isa = PBXGroup;
			children = (
				D9877E99149706EB005887DC /* changelog.txt */,
				D9877E9A149706EB005887DC /* install.xml */,
				D9877E9B149706EB005887DC /* LICENSE.txt */,
				D9877E9C149706EB005887DC /* src */,
			);
			name = ofxMSAInteractiveObject;
			path = external_of_libs/ofxMSAInteractiveObject;
			sourceTree = "<group>";
		};
		D9877E9C149706EB005887DC /* src */ = {
			isa = PBXGroup;
			children = (
				D9877E9D149706EB005887DC /* ofxMSAInteractiveObject.cpp */,
				D9877E9E149706EB005887DC /* ofxMSAInteractiveObject.h */,
			);
			path = src;
			sourceTree = "<group>";
		};
		D9877E9F149706EB005887DC /* ofxMultiTouch */ = {
			isa = PBXGroup;
			children = (
				D9877EA0149706EB005887DC /* changelog.txt */,
				D9877EA1149706EB005887DC /* install.xml */,
				D9877EA2149706EB005887DC /* LICENSE.txt */,
				D9877EA3149706EB005887DC /* src */,
			);
			name = ofxMultiTouch;
			path = external_of_libs/ofxMultiTouch;
			sourceTree = "<group>";
		};
		D9877EA3149706EB005887DC /* src */ = {
			isa = PBXGroup;
			children = (
				D9877EA4149706EB005887DC /* ofxMultiTouch.cpp */,
				D9877EA5149706EB005887DC /* ofxMultiTouch.h */,
				D9877EA6149706EB005887DC /* ofxMultiTouchListener.h */,
			);
			path = src;
			sourceTree = "<group>";
		};
		D9877EA7149706EB005887DC /* ofxMultiTouchObject */ = {
			isa = PBXGroup;
			children = (
				D9877EA8149706EB005887DC /* ofxMarkerObject */,
				D9877EAF149706EB005887DC /* ofxMtObject.cpp */,
				D9877EB0149706EB005887DC /* ofxMtObject.h */,
				D9877EB1149706EB005887DC /* ofxMtObjectEvents.h */,
			);
			name = ofxMultiTouchObject;
			path = external_of_libs/ofxMultiTouchObject;
			sourceTree = "<group>";
		};
		D9877EA8149706EB005887DC /* ofxMarkerObject */ = {
			isa = PBXGroup;
			children = (
				D9877EA9149706EB005887DC /* ofxMarkerHandler.cpp */,
				D9877EAA149706EB005887DC /* ofxMarkerHandler.h */,
				D9877EAB149706EB005887DC /* ofxMarkerListener.h */,
				D9877EAC149706EB005887DC /* ofxMarkerObject.cpp */,
				D9877EAD149706EB005887DC /* ofxMarkerObject.h */,
				D9877EAE149706EB005887DC /* ofxMarkerObjectEvents.h */,
			);
			path = ofxMarkerObject;
			sourceTree = "<group>";
		};
		D9877EB2149706EB005887DC /* ofxSimpleGuiToo */ = {
			isa = PBXGroup;
			children = (
				D9877EB3149706EB005887DC /* changelog.txt */,
				D9877EB4149706EB005887DC /* install.xml */,
				D9877EB5149706EB005887DC /* LICENSE.txt */,
				D9877EB6149706EB005887DC /* src */,
			);
			name = ofxSimpleGuiToo;
			path = external_of_libs/ofxSimpleGuiToo;
			sourceTree = "<group>";
		};
		D9877EB6149706EB005887DC /* src */ = {
			isa = PBXGroup;
			children = (
				D9877EB7149706EB005887DC /* Controls */,
				D9877ECF149706EB005887DC /* ofxSimpleGuiConfig.cpp */,
				D9877ED0149706EB005887DC /* ofxSimpleGuiConfig.h */,
				D9877ED1149706EB005887DC /* ofxSimpleGuiControl.cpp */,
				D9877ED2149706EB005887DC /* ofxSimpleGuiControl.h */,
				D9877ED3149706EB005887DC /* ofxSimpleGuiIncludes.h */,
				D9877ED4149706EB005887DC /* ofxSimpleGuiPage.cpp */,
				D9877ED5149706EB005887DC /* ofxSimpleGuiPage.h */,
				D9877ED6149706EB005887DC /* ofxSimpleGuiToo.cpp */,
				D9877ED7149706EB005887DC /* ofxSimpleGuiToo.h */,
				D9877ED8149706EB005887DC /* ofxSimpleGuiValueControl.cpp */,
				D9877ED9149706EB005887DC /* ofxSimpleGuiValueControl.h */,
			);
			path = src;
			sourceTree = "<group>";
		};
		D9877EB7149706EB005887DC /* Controls */ = {
			isa = PBXGroup;
			children = (
				D9877EB8149706EB005887DC /* ofxSimpleGuiButton.cpp */,
				D9877EB9149706EB005887DC /* ofxSimpleGuiButton.h */,
				D9877EBA149706EB005887DC /* ofxSimpleGuiColorPicker.cpp */,
				D9877EBB149706EB005887DC /* ofxSimpleGuiColorPicker.h */,
				D9877EBC149706EB005887DC /* ofxSimpleGuiComboBox.cpp */,
				D9877EBD149706EB005887DC /* ofxSimpleGuiComboBox.h */,
				D9877EBE149706EB005887DC /* ofxSimpleGuiContent.cpp */,
				D9877EBF149706EB005887DC /* ofxSimpleGuiContent.h */,
				D9877EC0149706EB005887DC /* ofxSimpleGuiFPSCounter.cpp */,
				D9877EC1149706EB005887DC /* ofxSimpleGuiFPSCounter.h */,
				D9877EC2149706EB005887DC /* ofxSimpleGuiMovieSlider.cpp */,
				D9877EC3149706EB005887DC /* ofxSimpleGuiMovieSlider.h */,
				D9877EC4149706EB005887DC /* ofxSimpleGuiQuadWarp.cpp */,
				D9877EC5149706EB005887DC /* ofxSimpleGuiQuadWarp.h */,
				D9877EC6149706EB005887DC /* ofxSimpleGuiSlider2d.cpp */,
				D9877EC7149706EB005887DC /* ofxSimpleGuiSlider2d.h */,
				D9877EC8149706EB005887DC /* ofxSimpleGuiSliderBase.h */,
				D9877EC9149706EB005887DC /* ofxSimpleGuiSliderFloat.h */,
				D9877ECA149706EB005887DC /* ofxSimpleGuiSliderInt.h */,
				D9877ECB149706EB005887DC /* ofxSimpleGuiTitle.cpp */,
				D9877ECC149706EB005887DC /* ofxSimpleGuiTitle.h */,
				D9877ECD149706EB005887DC /* ofxSimpleGuiToggle.cpp */,
				D9877ECE149706EB005887DC /* ofxSimpleGuiToggle.h */,
			);
			path = Controls;
			sourceTree = "<group>";
		};
		D9877EDA149706EB005887DC /* ofxTuioWrapper */ = {
			isa = PBXGroup;
			children = (
				D9877EDB149706EB005887DC /* core */,
				D9877EE8149706EB005887DC /* ofxTuioClient.cpp */,
				D9877EE9149706EB005887DC /* ofxTuioClient.h */,
				D9877EEA149706EB005887DC /* ofxTuioServer.cpp */,
				D9877EEB149706EB005887DC /* ofxTuioServer.h */,
			);
			name = ofxTuioWrapper;
			path = external_of_libs/ofxTuioWrapper;
			sourceTree = "<group>";
		};
		D9877EDB149706EB005887DC /* core */ = {
			isa = PBXGroup;
			children = (
				D9877EDC149706EB005887DC /* Doxyfile */,
				D9877EDD149706EB005887DC /* TuioClient.cpp */,
				D9877EDE149706EB005887DC /* TuioClient.h */,
				D9877EDF149706EB005887DC /* TuioContainer.h */,
				D9877EE0149706EB005887DC /* TuioCursor.h */,
				D9877EE1149706EB005887DC /* TuioListener.h */,
				D9877EE2149706EB005887DC /* TuioObject.h */,
				D9877EE3149706EB005887DC /* TuioPoint.h */,
				D9877EE4149706EB005887DC /* TuioServer.cpp */,
				D9877EE5149706EB005887DC /* TuioServer.h */,
				D9877EE6149706EB005887DC /* TuioTime.cpp */,
				D9877EE7149706EB005887DC /* TuioTime.h */,
			);
			path = core;
			sourceTree = "<group>";
		};
		D9877F06149706EC005887DC /* ofxTweenzor */ = {
			isa = PBXGroup;
			children = (
				D9877F07149706EC005887DC /* README */,
				D9877F08149706EC005887DC /* src */,
			);
			name = ofxTweenzor;
			path = external_of_libs/ofxTweenzor;
			sourceTree = "<group>";
		};
		D9877F08149706EC005887DC /* src */ = {
			isa = PBXGroup;
			children = (
				D9877F09149706EC005887DC /* ofxTweenzor.h */,
				D9877F0A149706EC005887DC /* Tween.cpp */,
				D9877F0B149706EC005887DC /* Tween.h */,
				D9877F0C149706EC005887DC /* TweenEvent.h */,
				D9877F0D149706EC005887DC /* TweenFunctions.h */,
				D9877F0E149706EC005887DC /* TweenSelector.h */,
				D9877F0F149706EC005887DC /* Tweenzor.cpp */,
				D9877F10149706EC005887DC /* Tweenzor.h */,
			);
			path = src;
			sourceTree = "<group>";
		};
		D9877F5F14970CB0005887DC /* ofxPixelHitTest */ = {
			isa = PBXGroup;
			children = (
				D9877F6014970CB0005887DC /* README */,
				D9877F6114970CB0005887DC /* src */,
			);
			name = ofxPixelHitTest;
			path = external_of_libs/ofxPixelHitTest;
			sourceTree = "<group>";
		};
		D9877F6114970CB0005887DC /* src */ = {
			isa = PBXGroup;
			children = (
				D9877F6214970CB0005887DC /* CorePixelHitTest.h */,
				D9877F6314970CB0005887DC /* PixelHitTestHub.cpp */,
				D9877F6414970CB0005887DC /* PixelHitTestHub.h */,
			);
			path = src;
			sourceTree = "<group>";
		};
		E4328144138ABC890047C5CB /* Products */ = {
			isa = PBXGroup;
			children = (
				E4328148138ABC890047C5CB /* openFrameworksDebug.a */,
			);
			name = Products;
			sourceTree = "<group>";
		};
		E45BE5980E8CC70C009D7055 /* frameworks */ = {
			isa = PBXGroup;
			children = (
				BBAB23CA13894EDB00AA2426 /* 3rd party frameworks */,
				BBAB23C913894ECA00AA2426 /* system frameworks */,
			);
			name = frameworks;
			sourceTree = "<group>";
		};
		E4B69B4A0A3A1720003C02F2 = {
			isa = PBXGroup;
			children = (
				E4B6FCAD0C3E899E008CF71C /* openFrameworks-Info.plist */,
				E4EB6923138AFD0F00A09F29 /* Project.xcconfig */,
				E4B69E1C0A3A1BDC003C02F2 /* src */,
				E4EEC9E9138DF44700A80321 /* openFrameworks */,
				BB4B014C10F69532006C3DED /* addons */,
				E45BE5980E8CC70C009D7055 /* frameworks */,
				E4B69B5B0A3A1756003C02F2 /* Helios_TableTopDebug.app */,
			);
			sourceTree = "<group>";
		};
		E4B69E1C0A3A1BDC003C02F2 /* src */ = {
			isa = PBXGroup;
			children = (
				D92F01DF148F3582003B96D9 /* Events */,
				D9227307148DF30B00EEE104 /* Multitouch */,
				D92272A0148DD56700EEE104 /* ContentItem.cpp */,
				D92272A1148DD56700EEE104 /* ContentItem.h */,
				D92272A4148DD56700EEE104 /* ImageContainer.h */,
				D92272A5148DD56700EEE104 /* main.cpp */,
				D92272AB148DD56700EEE104 /* NodeButton.h */,
				E4B69E1E0A3A1BDC003C02F2 /* testApp.cpp */,
				E4B69E1F0A3A1BDC003C02F2 /* testApp.h */,
				D9517FE01495B82B00CDA4F0 /* CrossFadeImage.h */,
			);
			path = src;
			sourceTree = SOURCE_ROOT;
		};
		E4EEC9E9138DF44700A80321 /* openFrameworks */ = {
			isa = PBXGroup;
			children = (
				E4EB691F138AFCF100A09F29 /* CoreOF.xcconfig */,
				E4328143138ABC890047C5CB /* openFrameworksLib.xcodeproj */,
			);
			name = openFrameworks;
			sourceTree = "<group>";
		};
		bd2f1a9f8d0c05edb29122d00a67c2a2 /* src */ = {
			isa = PBXGroup;
			children = (
				00d6d32b84b099226431108cea775a33 /* ofxOsc.h */,
				7689f8a0f3d0b7635a8c310487cd0928 /* ofxOscArg.h */,
				65eefa3da3526e9cdd9c21f90d9b5684 /* ofxOscBundle.cpp */,
				8b30e93fd3d3475eed522a0e0b085e30 /* ofxOscBundle.h */,
				c58862c6d212c8e8a83810f4246811b1 /* ofxOscMessage.h */,
				df49d76c45d5db505a234880104e4dc7 /* ofxOscMessage.cpp */,
				8c75afc8774a62495dd5346429f6f666 /* ofxOscReceiver.h */,
				c2fac65c491d4231379f3298ec59c6e9 /* ofxOscReceiver.cpp */,
				81967292bfc87a0144bd32c66f3adb20 /* ofxOscSender.cpp */,
				9f7986dc4eb05e75fce2c777500fdc01 /* ofxOscSender.h */,
			);
			name = src;
			sourceTree = "<group>";
		};
		e3876ba985d2f451ca0f5b8750e81b30 /* ofxOsc */ = {
			isa = PBXGroup;
			children = (
				bd2f1a9f8d0c05edb29122d00a67c2a2 /* src */,
			);
			name = ofxOsc;
			sourceTree = "<group>";
		};
/* End PBXGroup section */

/* Begin PBXNativeTarget section */
		E4B69B5A0A3A1756003C02F2 /* Helios_TableTop */ = {
			isa = PBXNativeTarget;
			buildConfigurationList = E4B69B5F0A3A1757003C02F2 /* Build configuration list for PBXNativeTarget "Helios_TableTop" */;
			buildPhases = (
				E4B69B580A3A1756003C02F2 /* Sources */,
				E4B69B590A3A1756003C02F2 /* Frameworks */,
				E4B6FFFD0C3F9AB9008CF71C /* ShellScript */,
				E4C2427710CC5ABF004149E2 /* CopyFiles */,
			);
			buildRules = (
			);
			dependencies = (
				E4EEB9AC138B136A00A80321 /* PBXTargetDependency */,
			);
			name = Helios_TableTop;
			productName = myOFApp;
			productReference = E4B69B5B0A3A1756003C02F2 /* Helios_TableTopDebug.app */;
			productType = "com.apple.product-type.application";
		};
/* End PBXNativeTarget section */

/* Begin PBXProject section */
		E4B69B4C0A3A1720003C02F2 /* Project object */ = {
			isa = PBXProject;
			buildConfigurationList = E4B69B4D0A3A1720003C02F2 /* Build configuration list for PBXProject "Helios_TableTop" */;
			compatibilityVersion = "Xcode 2.4";
			developmentRegion = English;
			hasScannedForEncodings = 0;
			knownRegions = (
				English,
				Japanese,
				French,
				German,
			);
			mainGroup = E4B69B4A0A3A1720003C02F2;
			productRefGroup = E4B69B4A0A3A1720003C02F2;
			projectDirPath = "";
			projectReferences = (
				{
					ProductGroup = E4328144138ABC890047C5CB /* Products */;
					ProjectRef = E4328143138ABC890047C5CB /* openFrameworksLib.xcodeproj */;
				},
			);
			projectRoot = "";
			targets = (
				E4B69B5A0A3A1756003C02F2 /* Helios_TableTop */,
			);
		};
/* End PBXProject section */

/* Begin PBXReferenceProxy section */
		E4328148138ABC890047C5CB /* openFrameworksDebug.a */ = {
			isa = PBXReferenceProxy;
			fileType = archive.ar;
			path = openFrameworksDebug.a;
			remoteRef = E4328147138ABC890047C5CB /* PBXContainerItemProxy */;
			sourceTree = BUILT_PRODUCTS_DIR;
		};
/* End PBXReferenceProxy section */

/* Begin PBXShellScriptBuildPhase section */
		E4B6FFFD0C3F9AB9008CF71C /* ShellScript */ = {
			isa = PBXShellScriptBuildPhase;
			buildActionMask = 2147483647;
			files = (
			);
			inputPaths = (
			);
			outputPaths = (
			);
			runOnlyForDeploymentPostprocessing = 0;
			shellPath = /bin/sh;
			shellScript = "cp -f ../../../libs/fmodex/lib/osx/libfmodex.dylib \"$TARGET_BUILD_DIR/$PRODUCT_NAME.app/Contents/MacOS/libfmodex.dylib\"; install_name_tool -change ./libfmodex.dylib @executable_path/libfmodex.dylib \"$TARGET_BUILD_DIR/$PRODUCT_NAME.app/Contents/MacOS/$PRODUCT_NAME\";";
		};
/* End PBXShellScriptBuildPhase section */

/* Begin PBXSourcesBuildPhase section */
		E4B69B580A3A1756003C02F2 /* Sources */ = {
			isa = PBXSourcesBuildPhase;
			buildActionMask = 2147483647;
			files = (
				E4B69E210A3A1BDC003C02F2 /* testApp.cpp in Sources */,
				6454f92be026dad1ad54ee4033e4c431 /* ofxOscBundle.cpp in Sources */,
				6b17c11b63257a45f98d6c33cdd23551 /* ofxOscMessage.cpp in Sources */,
				19604ddadc4ee63146983ca75fd36ac2 /* ofxOscReceiver.cpp in Sources */,
				3ec627385b50c8e9236d72191daa0e88 /* ofxOscSender.cpp in Sources */,
				D9227277148DD37700EEE104 /* tinyxml.cpp in Sources */,
				D9227278148DD37700EEE104 /* tinyxmlerror.cpp in Sources */,
				D9227279148DD37700EEE104 /* tinyxmlparser.cpp in Sources */,
				D922727A148DD37700EEE104 /* ofxXmlSettings.cpp in Sources */,
				D92272B9148DD56700EEE104 /* ContentItem.cpp in Sources */,
				D92272BA148DD56700EEE104 /* main.cpp in Sources */,
				D92272BB148DD56700EEE104 /* ofxMtActionsHub.cpp in Sources */,
				D92272BC148DD56700EEE104 /* ofxMtActionsObject.cpp in Sources */,
				D9877F11149706EC005887DC /* ofxMSAInteractiveObject.cpp in Sources */,
				D9877F12149706EC005887DC /* ofxMultiTouch.cpp in Sources */,
				D9877F13149706EC005887DC /* ofxMarkerHandler.cpp in Sources */,
				D9877F14149706EC005887DC /* ofxMarkerObject.cpp in Sources */,
				D9877F15149706EC005887DC /* ofxMtObject.cpp in Sources */,
				D9877F16149706EC005887DC /* ofxSimpleGuiButton.cpp in Sources */,
				D9877F17149706EC005887DC /* ofxSimpleGuiColorPicker.cpp in Sources */,
				D9877F18149706EC005887DC /* ofxSimpleGuiComboBox.cpp in Sources */,
				D9877F19149706EC005887DC /* ofxSimpleGuiContent.cpp in Sources */,
				D9877F1A149706EC005887DC /* ofxSimpleGuiFPSCounter.cpp in Sources */,
				D9877F1B149706EC005887DC /* ofxSimpleGuiMovieSlider.cpp in Sources */,
				D9877F1C149706EC005887DC /* ofxSimpleGuiQuadWarp.cpp in Sources */,
				D9877F1D149706EC005887DC /* ofxSimpleGuiSlider2d.cpp in Sources */,
				D9877F1E149706EC005887DC /* ofxSimpleGuiTitle.cpp in Sources */,
				D9877F1F149706EC005887DC /* ofxSimpleGuiToggle.cpp in Sources */,
				D9877F20149706EC005887DC /* ofxSimpleGuiConfig.cpp in Sources */,
				D9877F21149706EC005887DC /* ofxSimpleGuiControl.cpp in Sources */,
				D9877F22149706EC005887DC /* ofxSimpleGuiPage.cpp in Sources */,
				D9877F23149706EC005887DC /* ofxSimpleGuiToo.cpp in Sources */,
				D9877F24149706EC005887DC /* ofxSimpleGuiValueControl.cpp in Sources */,
				D9877F25149706EC005887DC /* TuioClient.cpp in Sources */,
				D9877F26149706EC005887DC /* TuioServer.cpp in Sources */,
				D9877F27149706EC005887DC /* TuioTime.cpp in Sources */,
				D9877F28149706EC005887DC /* ofxTuioClient.cpp in Sources */,
				D9877F29149706EC005887DC /* ofxTuioServer.cpp in Sources */,
				D9877F2F149706EC005887DC /* Tween.cpp in Sources */,
				D9877F30149706EC005887DC /* Tweenzor.cpp in Sources */,
				D9877F6514970CB0005887DC /* PixelHitTestHub.cpp in Sources */,
			);
			runOnlyForDeploymentPostprocessing = 0;
		};
/* End PBXSourcesBuildPhase section */

/* Begin PBXTargetDependency section */
		E4EEB9AC138B136A00A80321 /* PBXTargetDependency */ = {
			isa = PBXTargetDependency;
			name = openFrameworks;
			targetProxy = E4EEB9AB138B136A00A80321 /* PBXContainerItemProxy */;
		};
/* End PBXTargetDependency section */

/* Begin XCBuildConfiguration section */
		E4B69B4E0A3A1720003C02F2 /* Debug */ = {
			isa = XCBuildConfiguration;
			baseConfigurationReference = E4EB6923138AFD0F00A09F29 /* Project.xcconfig */;
			buildSettings = {
				ARCHS = "$(NATIVE_ARCH)";
				CONFIGURATION_BUILD_DIR = "$(SRCROOT)/bin/";
				COPY_PHASE_STRIP = NO;
				DEAD_CODE_STRIPPING = YES;
				GCC_AUTO_VECTORIZATION = YES;
				GCC_ENABLE_SSE3_EXTENSIONS = YES;
				GCC_ENABLE_SUPPLEMENTAL_SSE3_INSTRUCTIONS = YES;
				GCC_INLINES_ARE_PRIVATE_EXTERN = NO;
				GCC_MODEL_TUNING = G5;
				GCC_SYMBOLS_PRIVATE_EXTERN = NO;
				GCC_WARN_ABOUT_DEPRECATED_FUNCTIONS = NO;
				GCC_WARN_ABOUT_INVALID_OFFSETOF_MACRO = NO;
				GCC_WARN_ALLOW_INCOMPLETE_PROTOCOL = NO;
				GCC_WARN_UNINITIALIZED_AUTOS = NO;
				GCC_WARN_UNUSED_VALUE = NO;
				GCC_WARN_UNUSED_VARIABLE = NO;
				OTHER_CPLUSPLUSFLAGS = (
					"-D__MACOSX_CORE__",
					"-lpthread",
				);
				USER_HEADER_SEARCH_PATHS = "../../../addons/ofxOsc/libs/oscpack/include/**";
			};
			name = Debug;
		};
		E4B69B4F0A3A1720003C02F2 /* Release */ = {
			isa = XCBuildConfiguration;
			baseConfigurationReference = E4EB6923138AFD0F00A09F29 /* Project.xcconfig */;
			buildSettings = {
				ARCHS = "$(NATIVE_ARCH)";
				CONFIGURATION_BUILD_DIR = "$(SRCROOT)/bin/";
				COPY_PHASE_STRIP = YES;
				DEAD_CODE_STRIPPING = YES;
				GCC_AUTO_VECTORIZATION = YES;
				GCC_ENABLE_SSE3_EXTENSIONS = YES;
				GCC_ENABLE_SUPPLEMENTAL_SSE3_INSTRUCTIONS = YES;
				GCC_INLINES_ARE_PRIVATE_EXTERN = NO;
				GCC_MODEL_TUNING = G5;
				GCC_OPTIMIZATION_LEVEL = 3;
				GCC_SYMBOLS_PRIVATE_EXTERN = NO;
				GCC_UNROLL_LOOPS = YES;
				GCC_WARN_ABOUT_DEPRECATED_FUNCTIONS = NO;
				GCC_WARN_ABOUT_INVALID_OFFSETOF_MACRO = NO;
				GCC_WARN_ALLOW_INCOMPLETE_PROTOCOL = NO;
				GCC_WARN_UNINITIALIZED_AUTOS = NO;
				GCC_WARN_UNUSED_VALUE = NO;
				GCC_WARN_UNUSED_VARIABLE = NO;
				OTHER_CPLUSPLUSFLAGS = (
					"-D__MACOSX_CORE__",
					"-lpthread",
				);
				USER_HEADER_SEARCH_PATHS = "../../../addons/ofxOsc/libs/oscpack/include/**";
			};
			name = Release;
		};
		E4B69B600A3A1757003C02F2 /* Debug */ = {
			isa = XCBuildConfiguration;
			buildSettings = {
				COPY_PHASE_STRIP = NO;
				FRAMEWORK_SEARCH_PATHS = (
					"$(inherited)",
					"$(FRAMEWORK_SEARCH_PATHS_QUOTED_FOR_TARGET_1)",
				);
				FRAMEWORK_SEARCH_PATHS_QUOTED_FOR_TARGET_1 = "\"$(SRCROOT)/../../../libs/glut/lib/osx\"";
				GCC_DYNAMIC_NO_PIC = NO;
				GCC_ENABLE_FIX_AND_CONTINUE = YES;
				GCC_GENERATE_DEBUGGING_SYMBOLS = YES;
				GCC_MODEL_TUNING = G4;
				GCC_PRECOMPILE_PREFIX_HEADER = YES;
				GCC_PREFIX_HEADER = "$(SYSTEM_LIBRARY_DIR)/Frameworks/Carbon.framework/Headers/Carbon.h";
				INFOPLIST_FILE = "openFrameworks-Info.plist";
				INSTALL_PATH = "$(HOME)/Applications";
				LIBRARY_SEARCH_PATHS = (
					"$(inherited)",
					"$(LIBRARY_SEARCH_PATHS_QUOTED_FOR_TARGET_1)",
					"$(LIBRARY_SEARCH_PATHS_QUOTED_FOR_TARGET_2)",
					"$(LIBRARY_SEARCH_PATHS_QUOTED_FOR_TARGET_3)",
					"$(LIBRARY_SEARCH_PATHS_QUOTED_FOR_TARGET_4)",
					"$(LIBRARY_SEARCH_PATHS_QUOTED_FOR_TARGET_5)",
					"$(LIBRARY_SEARCH_PATHS_QUOTED_FOR_TARGET_6)",
					"$(LIBRARY_SEARCH_PATHS_QUOTED_FOR_TARGET_7)",
					"$(LIBRARY_SEARCH_PATHS_QUOTED_FOR_TARGET_8)",
					"$(LIBRARY_SEARCH_PATHS_QUOTED_FOR_TARGET_9)",
					"$(LIBRARY_SEARCH_PATHS_QUOTED_FOR_TARGET_10)",
					"$(LIBRARY_SEARCH_PATHS_QUOTED_FOR_TARGET_11)",
					"$(LIBRARY_SEARCH_PATHS_QUOTED_FOR_TARGET_12)",
					"$(LIBRARY_SEARCH_PATHS_QUOTED_FOR_TARGET_13)",
					"$(LIBRARY_SEARCH_PATHS_QUOTED_FOR_TARGET_14)",
					"$(LIBRARY_SEARCH_PATHS_QUOTED_FOR_TARGET_15)",
					"$(LIBRARY_SEARCH_PATHS_QUOTED_FOR_TARGET_2)",
					"$(LIBRARY_SEARCH_PATHS_QUOTED_FOR_TARGET_3)",
					"$(LIBRARY_SEARCH_PATHS_QUOTED_FOR_TARGET_7)",
					"$(LIBRARY_SEARCH_PATHS_QUOTED_FOR_TARGET_8)",
					"$(LIBRARY_SEARCH_PATHS_QUOTED_FOR_TARGET_9)",
					"$(LIBRARY_SEARCH_PATHS_QUOTED_FOR_TARGET_10)",
					"$(LIBRARY_SEARCH_PATHS_QUOTED_FOR_TARGET_11)",
					"$(LIBRARY_SEARCH_PATHS_QUOTED_FOR_TARGET_12)",
					"$(LIBRARY_SEARCH_PATHS_QUOTED_FOR_TARGET_13)",
					"$(LIBRARY_SEARCH_PATHS_QUOTED_FOR_TARGET_16)",
					"$(LIBRARY_SEARCH_PATHS_QUOTED_FOR_TARGET_17)",
					"$(LIBRARY_SEARCH_PATHS_QUOTED_FOR_TARGET_18)",
					"$(LIBRARY_SEARCH_PATHS_QUOTED_FOR_TARGET_19)",
					"$(LIBRARY_SEARCH_PATHS_QUOTED_FOR_TARGET_20)",
					"$(LIBRARY_SEARCH_PATHS_QUOTED_FOR_TARGET_21)",
					"$(LIBRARY_SEARCH_PATHS_QUOTED_FOR_TARGET_22)",
					"$(LIBRARY_SEARCH_PATHS_QUOTED_FOR_TARGET_23)",
					"$(LIBRARY_SEARCH_PATHS_QUOTED_FOR_TARGET_24)",
					"$(LIBRARY_SEARCH_PATHS_QUOTED_FOR_TARGET_25)",
					"$(LIBRARY_SEARCH_PATHS_QUOTED_FOR_TARGET_26)",
					"$(LIBRARY_SEARCH_PATHS_QUOTED_FOR_TARGET_27)",
					"$(LIBRARY_SEARCH_PATHS_QUOTED_FOR_TARGET_28)",
					"$(LIBRARY_SEARCH_PATHS_QUOTED_FOR_TARGET_29)",
					"$(LIBRARY_SEARCH_PATHS_QUOTED_FOR_TARGET_30)",
					"$(LIBRARY_SEARCH_PATHS_QUOTED_FOR_TARGET_31)",
					"$(LIBRARY_SEARCH_PATHS_QUOTED_FOR_TARGET_32)",
					"$(LIBRARY_SEARCH_PATHS_QUOTED_FOR_TARGET_33)",
					"$(LIBRARY_SEARCH_PATHS_QUOTED_FOR_TARGET_34)",
					"$(LIBRARY_SEARCH_PATHS_QUOTED_FOR_TARGET_35)",
					"$(LIBRARY_SEARCH_PATHS_QUOTED_FOR_TARGET_36)",
					"$(LIBRARY_SEARCH_PATHS_QUOTED_FOR_TARGET_37)",
					"$(LIBRARY_SEARCH_PATHS_QUOTED_FOR_TARGET_38)",
					"$(LIBRARY_SEARCH_PATHS_QUOTED_FOR_TARGET_39)",
					"$(LIBRARY_SEARCH_PATHS_QUOTED_FOR_TARGET_40)",
					"$(LIBRARY_SEARCH_PATHS_QUOTED_FOR_TARGET_41)",
					"$(LIBRARY_SEARCH_PATHS_QUOTED_FOR_TARGET_42)",
					"$(LIBRARY_SEARCH_PATHS_QUOTED_FOR_TARGET_43)",
					"$(LIBRARY_SEARCH_PATHS_QUOTED_FOR_TARGET_44)",
					"$(LIBRARY_SEARCH_PATHS_QUOTED_FOR_TARGET_45)",
					"$(LIBRARY_SEARCH_PATHS_QUOTED_FOR_TARGET_46)",
					"$(LIBRARY_SEARCH_PATHS_QUOTED_FOR_TARGET_47)",
					"$(LIBRARY_SEARCH_PATHS_QUOTED_FOR_TARGET_48)",
					"$(LIBRARY_SEARCH_PATHS_QUOTED_FOR_TARGET_49)",
					"$(LIBRARY_SEARCH_PATHS_QUOTED_FOR_TARGET_50)",
					"$(LIBRARY_SEARCH_PATHS_QUOTED_FOR_TARGET_51)",
					"$(LIBRARY_SEARCH_PATHS_QUOTED_FOR_TARGET_52)",
					"$(LIBRARY_SEARCH_PATHS_QUOTED_FOR_TARGET_1)",
					"$(LIBRARY_SEARCH_PATHS_QUOTED_FOR_TARGET_2)",
					"$(LIBRARY_SEARCH_PATHS_QUOTED_FOR_TARGET_3)",
					"$(LIBRARY_SEARCH_PATHS_QUOTED_FOR_TARGET_4)",
					"$(LIBRARY_SEARCH_PATHS_QUOTED_FOR_TARGET_5)",
					"$(LIBRARY_SEARCH_PATHS_QUOTED_FOR_TARGET_6)",
				);
				LIBRARY_SEARCH_PATHS_QUOTED_FOR_TARGET_1 = "\"$(SRCROOT)/../../../addons/ofxTuioWrapper/oscpack/lib/linux\"";
				LIBRARY_SEARCH_PATHS_QUOTED_FOR_TARGET_2 = "\"$(SRCROOT)/../../../addons/ofxTuioWrapper/oscpack/lib/osx\"";
				LIBRARY_SEARCH_PATHS_QUOTED_FOR_TARGET_3 = "\"$(SRCROOT)/../../../addons/ofxTuioWrapper/oscpack/lib/win32\"";
				LIBRARY_SEARCH_PATHS_QUOTED_FOR_TARGET_4 = "\"$(SRCROOT)/external_of_libs/ofxTuioWrapper/oscpack/lib/linux\"";
				LIBRARY_SEARCH_PATHS_QUOTED_FOR_TARGET_5 = "\"$(SRCROOT)/external_of_libs/ofxTuioWrapper/oscpack/lib/osx\"";
				LIBRARY_SEARCH_PATHS_QUOTED_FOR_TARGET_6 = "\"$(SRCROOT)/external_of_libs/ofxTuioWrapper/oscpack/lib/win32\"";
				PREBINDING = NO;
				PRODUCT_NAME = Helios_TableTopDebug;
				WRAPPER_EXTENSION = app;
			};
			name = Debug;
		};
		E4B69B610A3A1757003C02F2 /* Release */ = {
			isa = XCBuildConfiguration;
			buildSettings = {
				COPY_PHASE_STRIP = YES;
				FRAMEWORK_SEARCH_PATHS = (
					"$(inherited)",
					"$(FRAMEWORK_SEARCH_PATHS_QUOTED_FOR_TARGET_1)",
				);
				FRAMEWORK_SEARCH_PATHS_QUOTED_FOR_TARGET_1 = "\"$(SRCROOT)/../../../libs/glut/lib/osx\"";
				GCC_ENABLE_FIX_AND_CONTINUE = NO;
				GCC_GENERATE_DEBUGGING_SYMBOLS = NO;
				GCC_MODEL_TUNING = G4;
				GCC_PRECOMPILE_PREFIX_HEADER = YES;
				GCC_PREFIX_HEADER = "$(SYSTEM_LIBRARY_DIR)/Frameworks/Carbon.framework/Headers/Carbon.h";
				INFOPLIST_FILE = "openFrameworks-Info.plist";
				INSTALL_PATH = "$(HOME)/Applications";
				LIBRARY_SEARCH_PATHS = (
					"$(inherited)",
					"$(LIBRARY_SEARCH_PATHS_QUOTED_FOR_TARGET_1)",
					"$(LIBRARY_SEARCH_PATHS_QUOTED_FOR_TARGET_2)",
					"$(LIBRARY_SEARCH_PATHS_QUOTED_FOR_TARGET_3)",
					"$(LIBRARY_SEARCH_PATHS_QUOTED_FOR_TARGET_4)",
					"$(LIBRARY_SEARCH_PATHS_QUOTED_FOR_TARGET_5)",
					"$(LIBRARY_SEARCH_PATHS_QUOTED_FOR_TARGET_6)",
					"$(LIBRARY_SEARCH_PATHS_QUOTED_FOR_TARGET_7)",
					"$(LIBRARY_SEARCH_PATHS_QUOTED_FOR_TARGET_8)",
					"$(LIBRARY_SEARCH_PATHS_QUOTED_FOR_TARGET_9)",
					"$(LIBRARY_SEARCH_PATHS_QUOTED_FOR_TARGET_10)",
					"$(LIBRARY_SEARCH_PATHS_QUOTED_FOR_TARGET_11)",
					"$(LIBRARY_SEARCH_PATHS_QUOTED_FOR_TARGET_12)",
					"$(LIBRARY_SEARCH_PATHS_QUOTED_FOR_TARGET_13)",
					"$(LIBRARY_SEARCH_PATHS_QUOTED_FOR_TARGET_14)",
					"$(LIBRARY_SEARCH_PATHS_QUOTED_FOR_TARGET_15)",
					"$(LIBRARY_SEARCH_PATHS_QUOTED_FOR_TARGET_2)",
					"$(LIBRARY_SEARCH_PATHS_QUOTED_1)",
					"$(LIBRARY_SEARCH_PATHS_QUOTED_FOR_TARGET_3)",
					"$(LIBRARY_SEARCH_PATHS_QUOTED_FOR_TARGET_7)",
					"$(LIBRARY_SEARCH_PATHS_QUOTED_FOR_TARGET_8)",
					"$(LIBRARY_SEARCH_PATHS_QUOTED_FOR_TARGET_9)",
					"$(LIBRARY_SEARCH_PATHS_QUOTED_FOR_TARGET_10)",
					"$(LIBRARY_SEARCH_PATHS_QUOTED_FOR_TARGET_11)",
					"$(LIBRARY_SEARCH_PATHS_QUOTED_FOR_TARGET_12)",
					"$(LIBRARY_SEARCH_PATHS_QUOTED_FOR_TARGET_13)",
					"$(LIBRARY_SEARCH_PATHS_QUOTED_FOR_TARGET_16)",
					"$(LIBRARY_SEARCH_PATHS_QUOTED_FOR_TARGET_17)",
					"$(LIBRARY_SEARCH_PATHS_QUOTED_FOR_TARGET_18)",
					"$(LIBRARY_SEARCH_PATHS_QUOTED_FOR_TARGET_19)",
					"$(LIBRARY_SEARCH_PATHS_QUOTED_FOR_TARGET_20)",
					"$(LIBRARY_SEARCH_PATHS_QUOTED_FOR_TARGET_21)",
					"$(LIBRARY_SEARCH_PATHS_QUOTED_FOR_TARGET_22)",
					"$(LIBRARY_SEARCH_PATHS_QUOTED_FOR_TARGET_23)",
					"$(LIBRARY_SEARCH_PATHS_QUOTED_FOR_TARGET_24)",
					"$(LIBRARY_SEARCH_PATHS_QUOTED_FOR_TARGET_25)",
					"$(LIBRARY_SEARCH_PATHS_QUOTED_FOR_TARGET_26)",
					"$(LIBRARY_SEARCH_PATHS_QUOTED_FOR_TARGET_27)",
					"$(LIBRARY_SEARCH_PATHS_QUOTED_FOR_TARGET_28)",
					"$(LIBRARY_SEARCH_PATHS_QUOTED_FOR_TARGET_29)",
					"$(LIBRARY_SEARCH_PATHS_QUOTED_FOR_TARGET_30)",
					"$(LIBRARY_SEARCH_PATHS_QUOTED_FOR_TARGET_31)",
					"$(LIBRARY_SEARCH_PATHS_QUOTED_FOR_TARGET_32)",
					"$(LIBRARY_SEARCH_PATHS_QUOTED_FOR_TARGET_33)",
					"$(LIBRARY_SEARCH_PATHS_QUOTED_FOR_TARGET_34)",
					"$(LIBRARY_SEARCH_PATHS_QUOTED_FOR_TARGET_35)",
					"$(LIBRARY_SEARCH_PATHS_QUOTED_FOR_TARGET_36)",
					"$(LIBRARY_SEARCH_PATHS_QUOTED_FOR_TARGET_37)",
					"$(LIBRARY_SEARCH_PATHS_QUOTED_FOR_TARGET_38)",
					"$(LIBRARY_SEARCH_PATHS_QUOTED_FOR_TARGET_39)",
					"$(LIBRARY_SEARCH_PATHS_QUOTED_FOR_TARGET_40)",
					"$(LIBRARY_SEARCH_PATHS_QUOTED_FOR_TARGET_41)",
					"$(LIBRARY_SEARCH_PATHS_QUOTED_FOR_TARGET_42)",
					"$(LIBRARY_SEARCH_PATHS_QUOTED_FOR_TARGET_43)",
					"$(LIBRARY_SEARCH_PATHS_QUOTED_FOR_TARGET_44)",
					"$(LIBRARY_SEARCH_PATHS_QUOTED_FOR_TARGET_45)",
					"$(LIBRARY_SEARCH_PATHS_QUOTED_FOR_TARGET_46)",
					"$(LIBRARY_SEARCH_PATHS_QUOTED_FOR_TARGET_47)",
					"$(LIBRARY_SEARCH_PATHS_QUOTED_FOR_TARGET_48)",
					"$(LIBRARY_SEARCH_PATHS_QUOTED_FOR_TARGET_49)",
					"$(LIBRARY_SEARCH_PATHS_QUOTED_FOR_TARGET_50)",
					"$(LIBRARY_SEARCH_PATHS_QUOTED_FOR_TARGET_51)",
					"$(LIBRARY_SEARCH_PATHS_QUOTED_FOR_TARGET_1)",
					"$(LIBRARY_SEARCH_PATHS_QUOTED_FOR_TARGET_2)",
					"$(LIBRARY_SEARCH_PATHS_QUOTED_FOR_TARGET_3)",
					"$(LIBRARY_SEARCH_PATHS_QUOTED_FOR_TARGET_4)",
					"$(LIBRARY_SEARCH_PATHS_QUOTED_FOR_TARGET_5)",
					"$(LIBRARY_SEARCH_PATHS_QUOTED_FOR_TARGET_6)",
				);
				LIBRARY_SEARCH_PATHS_QUOTED_FOR_TARGET_1 = "\"$(SRCROOT)/../../../addons/ofxTuioWrapper/oscpack/lib/linux\"";
				LIBRARY_SEARCH_PATHS_QUOTED_FOR_TARGET_2 = "\"$(SRCROOT)/../../../addons/ofxTuioWrapper/oscpack/lib/osx\"";
				LIBRARY_SEARCH_PATHS_QUOTED_FOR_TARGET_3 = "\"$(SRCROOT)/../../../addons/ofxTuioWrapper/oscpack/lib/win32\"";
				LIBRARY_SEARCH_PATHS_QUOTED_FOR_TARGET_4 = "\"$(SRCROOT)/external_of_libs/ofxTuioWrapper/oscpack/lib/linux\"";
				LIBRARY_SEARCH_PATHS_QUOTED_FOR_TARGET_5 = "\"$(SRCROOT)/external_of_libs/ofxTuioWrapper/oscpack/lib/osx\"";
				LIBRARY_SEARCH_PATHS_QUOTED_FOR_TARGET_6 = "\"$(SRCROOT)/external_of_libs/ofxTuioWrapper/oscpack/lib/win32\"";
				PREBINDING = NO;
				PRODUCT_NAME = Helios_TableTop;
				WRAPPER_EXTENSION = app;
			};
			name = Release;
		};
/* End XCBuildConfiguration section */

/* Begin XCConfigurationList section */
		E4B69B4D0A3A1720003C02F2 /* Build configuration list for PBXProject "Helios_TableTop" */ = {
			isa = XCConfigurationList;
			buildConfigurations = (
				E4B69B4E0A3A1720003C02F2 /* Debug */,
				E4B69B4F0A3A1720003C02F2 /* Release */,
			);
			defaultConfigurationIsVisible = 0;
			defaultConfigurationName = Release;
		};
		E4B69B5F0A3A1757003C02F2 /* Build configuration list for PBXNativeTarget "Helios_TableTop" */ = {
			isa = XCConfigurationList;
			buildConfigurations = (
				E4B69B600A3A1757003C02F2 /* Debug */,
				E4B69B610A3A1757003C02F2 /* Release */,
			);
			defaultConfigurationIsVisible = 0;
			defaultConfigurationName = Release;
		};
/* End XCConfigurationList section */
	};
	rootObject = E4B69B4C0A3A1720003C02F2 /* Project object */;
}
